
Microsoft Visual Studio Solution File, Format Version 12.00
# Visual Studio Version 16
VisualStudioVersion = 16.0.29215.179
MinimumVisualStudioVersion = 10.0.40219.1
Project("{FAE04EC0-301F-11D3-BF4B-00C04F79EFBC}") = "RestDataStoreDemo.Module", "RestDataStoreDemo.Module\RestDataStoreDemo.Module.csproj", "{5F15837D-D1E5-44DC-92F0-4F2EBE9C3F8D}"
EndProject
Project("{FAE04EC0-301F-11D3-BF4B-00C04F79EFBC}") = "RestDataStoreDemo.Module.Web", "RestDataStoreDemo.Module.Web\RestDataStoreDemo.Module.Web.csproj", "{0C729AAD-7626-4668-A7F1-35F7D240489D}"
EndProject
Project("{FAE04EC0-301F-11D3-BF4B-00C04F79EFBC}") = "RestDataStoreDemo.Web", "RestDataStoreDemo.Web\RestDataStoreDemo.Web.csproj", "{82A6DBC9-B1B4-44E4-9718-55DF930CD349}"
EndProject
Project("{FAE04EC0-301F-11D3-BF4B-00C04F79EFBC}") = "RestDataStoreDemo.Module.Win", "RestDataStoreDemo.Module.Win\RestDataStoreDemo.Module.Win.csproj", "{7964F87D-BC5D-4C4E-8B2F-71E89739AA97}"
EndProject
Project("{FAE04EC0-301F-11D3-BF4B-00C04F79EFBC}") = "RestDataStoreDemo.Win", "RestDataStoreDemo.Win\RestDataStoreDemo.Win.csproj", "{D05D93DF-312D-4D4E-B980-726871EC7833}"
EndProject
Project("{2150E333-8FDC-42A3-9474-1A3956D46DE8}") = "XAF", "XAF", "{C47DA029-48D1-41F7-BA1B-176FF3D4A966}"
EndProject
Project("{FAE04EC0-301F-11D3-BF4B-00C04F79EFBC}") = "XfRestDataStoreDemo.Android", "XfRestDataStoreDemo\XfRestDataStoreDemo.Android\XfRestDataStoreDemo.Android.csproj", "{A1782268-14F8-4BE1-9C67-EDA68342707B}"
EndProject
Project("{FAE04EC0-301F-11D3-BF4B-00C04F79EFBC}") = "XfRestDataStoreDemo.iOS", "XfRestDataStoreDemo\XfRestDataStoreDemo.iOS\XfRestDataStoreDemo.iOS.csproj", "{23795792-BA01-4ECA-8B4C-E15F80E360F0}"
EndProject
Project("{9A19103F-16F7-4668-BE54-9A1E7A4F7556}") = "XfRestDataStoreDemo", "XfRestDataStoreDemo\XfRestDataStoreDemo\XfRestDataStoreDemo.csproj", "{D86FAAEF-28E1-4DDA-85FC-CEB29B98156F}"
EndProject
Project("{2150E333-8FDC-42A3-9474-1A3956D46DE8}") = "Xamarin", "Xamarin", "{D04E2DB6-D189-4F0F-92ED-B65013920396}"
EndProject
Project("{9A19103F-16F7-4668-BE54-9A1E7A4F7556}") = "ORM", "ORM\ORM.csproj", "{5691D131-9800-4A01-95DF-1EBC09A563F3}"
EndProject
Project("{9A19103F-16F7-4668-BE54-9A1E7A4F7556}") = "XpoServer", "XpoServer\XpoServer.csproj", "{9BC640C8-9D56-4E8F-B098-278879C522AF}"
EndProject
Project("{2150E333-8FDC-42A3-9474-1A3956D46DE8}") = "Uno", "Uno", "{6BE911C1-DCD9-4B32-BA6F-5A7BCF5B2BD9}"
EndProject
Project("{D954291E-2A0B-460D-934E-DC6B0785DB48}") = "UnoXpoRest.Shared", "UnoXpoRest\UnoXpoRest.Shared\UnoXpoRest.Shared.shproj", "{6279C845-92F8-4333-AB99-3D213163593C}"
EndProject
Project("{FAE04EC0-301F-11D3-BF4B-00C04F79EFBC}") = "UnoXpoRest.Droid", "UnoXpoRest\UnoXpoRest.Droid\UnoXpoRest.Droid.csproj", "{99622F4F-E9AA-463D-8B4D-B22EABFF2EED}"
EndProject
Project("{FAE04EC0-301F-11D3-BF4B-00C04F79EFBC}") = "UnoXpoRest.iOS", "UnoXpoRest\UnoXpoRest.iOS\UnoXpoRest.iOS.csproj", "{A1DA01EE-8C81-4FBB-B4BC-5CDE46CF7043}"
EndProject
Project("{FAE04EC0-301F-11D3-BF4B-00C04F79EFBC}") = "UnoXpoRest.UWP", "UnoXpoRest\UnoXpoRest.UWP\UnoXpoRest.UWP.csproj", "{2C3715A0-B776-4D3F-BBFF-089D409D78FD}"
EndProject
Project("{9A19103F-16F7-4668-BE54-9A1E7A4F7556}") = "UnoXpoRest.Wasm", "UnoXpoRest\UnoXpoRest.Wasm\UnoXpoRest.Wasm.csproj", "{9E36FD04-0145-4F24-9CBB-2F7BCCFD6192}"
EndProject
Global
	GlobalSection(SharedMSBuildProjectFiles) = preSolution
		UnoXpoRest\UnoXpoRest.Shared\UnoXpoRest.Shared.projitems*{2c3715a0-b776-4d3f-bbff-089d409d78fd}*SharedItemsImports = 4
		UnoXpoRest\UnoXpoRest.Shared\UnoXpoRest.Shared.projitems*{6279c845-92f8-4333-ab99-3d213163593c}*SharedItemsImports = 13
		UnoXpoRest\UnoXpoRest.Shared\UnoXpoRest.Shared.projitems*{99622f4f-e9aa-463d-8b4d-b22eabff2eed}*SharedItemsImports = 4
		UnoXpoRest\UnoXpoRest.Shared\UnoXpoRest.Shared.projitems*{a1da01ee-8c81-4fbb-b4bc-5cde46cf7043}*SharedItemsImports = 4
	EndGlobalSection
	GlobalSection(SolutionConfigurationPlatforms) = preSolution
		Ad-Hoc|Any CPU = Ad-Hoc|Any CPU
		Ad-Hoc|ARM = Ad-Hoc|ARM
		Ad-Hoc|iPhone = Ad-Hoc|iPhone
		Ad-Hoc|iPhoneSimulator = Ad-Hoc|iPhoneSimulator
		Ad-Hoc|x64 = Ad-Hoc|x64
		Ad-Hoc|x86 = Ad-Hoc|x86
		AppStore|Any CPU = AppStore|Any CPU
		AppStore|ARM = AppStore|ARM
		AppStore|iPhone = AppStore|iPhone
		AppStore|iPhoneSimulator = AppStore|iPhoneSimulator
		AppStore|x64 = AppStore|x64
		AppStore|x86 = AppStore|x86
		Debug|Any CPU = Debug|Any CPU
		Debug|ARM = Debug|ARM
		Debug|iPhone = Debug|iPhone
		Debug|iPhoneSimulator = Debug|iPhoneSimulator
		Debug|x64 = Debug|x64
		Debug|x86 = Debug|x86
		EasyTest|Any CPU = EasyTest|Any CPU
		EasyTest|ARM = EasyTest|ARM
		EasyTest|iPhone = EasyTest|iPhone
		EasyTest|iPhoneSimulator = EasyTest|iPhoneSimulator
		EasyTest|x64 = EasyTest|x64
		EasyTest|x86 = EasyTest|x86
		Release|Any CPU = Release|Any CPU
		Release|ARM = Release|ARM
		Release|iPhone = Release|iPhone
		Release|iPhoneSimulator = Release|iPhoneSimulator
		Release|x64 = Release|x64
		Release|x86 = Release|x86
	EndGlobalSection
	GlobalSection(ProjectConfigurationPlatforms) = postSolution
		{5F15837D-D1E5-44DC-92F0-4F2EBE9C3F8D}.Ad-Hoc|Any CPU.ActiveCfg = Release|Any CPU
		{5F15837D-D1E5-44DC-92F0-4F2EBE9C3F8D}.Ad-Hoc|Any CPU.Build.0 = Release|Any CPU
		{5F15837D-D1E5-44DC-92F0-4F2EBE9C3F8D}.Ad-Hoc|ARM.ActiveCfg = Release|Any CPU
		{5F15837D-D1E5-44DC-92F0-4F2EBE9C3F8D}.Ad-Hoc|ARM.Build.0 = Release|Any CPU
		{5F15837D-D1E5-44DC-92F0-4F2EBE9C3F8D}.Ad-Hoc|iPhone.ActiveCfg = Release|Any CPU
		{5F15837D-D1E5-44DC-92F0-4F2EBE9C3F8D}.Ad-Hoc|iPhone.Build.0 = Release|Any CPU
		{5F15837D-D1E5-44DC-92F0-4F2EBE9C3F8D}.Ad-Hoc|iPhoneSimulator.ActiveCfg = Release|Any CPU
		{5F15837D-D1E5-44DC-92F0-4F2EBE9C3F8D}.Ad-Hoc|iPhoneSimulator.Build.0 = Release|Any CPU
		{5F15837D-D1E5-44DC-92F0-4F2EBE9C3F8D}.Ad-Hoc|x64.ActiveCfg = Release|Any CPU
		{5F15837D-D1E5-44DC-92F0-4F2EBE9C3F8D}.Ad-Hoc|x64.Build.0 = Release|Any CPU
		{5F15837D-D1E5-44DC-92F0-4F2EBE9C3F8D}.Ad-Hoc|x86.ActiveCfg = Release|Any CPU
		{5F15837D-D1E5-44DC-92F0-4F2EBE9C3F8D}.Ad-Hoc|x86.Build.0 = Release|Any CPU
		{5F15837D-D1E5-44DC-92F0-4F2EBE9C3F8D}.AppStore|Any CPU.ActiveCfg = Release|Any CPU
		{5F15837D-D1E5-44DC-92F0-4F2EBE9C3F8D}.AppStore|Any CPU.Build.0 = Release|Any CPU
		{5F15837D-D1E5-44DC-92F0-4F2EBE9C3F8D}.AppStore|ARM.ActiveCfg = Release|Any CPU
		{5F15837D-D1E5-44DC-92F0-4F2EBE9C3F8D}.AppStore|ARM.Build.0 = Release|Any CPU
		{5F15837D-D1E5-44DC-92F0-4F2EBE9C3F8D}.AppStore|iPhone.ActiveCfg = Release|Any CPU
		{5F15837D-D1E5-44DC-92F0-4F2EBE9C3F8D}.AppStore|iPhone.Build.0 = Release|Any CPU
		{5F15837D-D1E5-44DC-92F0-4F2EBE9C3F8D}.AppStore|iPhoneSimulator.ActiveCfg = Release|Any CPU
		{5F15837D-D1E5-44DC-92F0-4F2EBE9C3F8D}.AppStore|iPhoneSimulator.Build.0 = Release|Any CPU
		{5F15837D-D1E5-44DC-92F0-4F2EBE9C3F8D}.AppStore|x64.ActiveCfg = Release|Any CPU
		{5F15837D-D1E5-44DC-92F0-4F2EBE9C3F8D}.AppStore|x64.Build.0 = Release|Any CPU
		{5F15837D-D1E5-44DC-92F0-4F2EBE9C3F8D}.AppStore|x86.ActiveCfg = Release|Any CPU
		{5F15837D-D1E5-44DC-92F0-4F2EBE9C3F8D}.AppStore|x86.Build.0 = Release|Any CPU
		{5F15837D-D1E5-44DC-92F0-4F2EBE9C3F8D}.Debug|Any CPU.ActiveCfg = Debug|Any CPU
		{5F15837D-D1E5-44DC-92F0-4F2EBE9C3F8D}.Debug|Any CPU.Build.0 = Debug|Any CPU
		{5F15837D-D1E5-44DC-92F0-4F2EBE9C3F8D}.Debug|ARM.ActiveCfg = Debug|Any CPU
		{5F15837D-D1E5-44DC-92F0-4F2EBE9C3F8D}.Debug|ARM.Build.0 = Debug|Any CPU
		{5F15837D-D1E5-44DC-92F0-4F2EBE9C3F8D}.Debug|iPhone.ActiveCfg = Debug|Any CPU
		{5F15837D-D1E5-44DC-92F0-4F2EBE9C3F8D}.Debug|iPhone.Build.0 = Debug|Any CPU
		{5F15837D-D1E5-44DC-92F0-4F2EBE9C3F8D}.Debug|iPhoneSimulator.ActiveCfg = Debug|Any CPU
		{5F15837D-D1E5-44DC-92F0-4F2EBE9C3F8D}.Debug|iPhoneSimulator.Build.0 = Debug|Any CPU
		{5F15837D-D1E5-44DC-92F0-4F2EBE9C3F8D}.Debug|x64.ActiveCfg = Debug|Any CPU
		{5F15837D-D1E5-44DC-92F0-4F2EBE9C3F8D}.Debug|x64.Build.0 = Debug|Any CPU
		{5F15837D-D1E5-44DC-92F0-4F2EBE9C3F8D}.Debug|x86.ActiveCfg = Debug|Any CPU
		{5F15837D-D1E5-44DC-92F0-4F2EBE9C3F8D}.Debug|x86.Build.0 = Debug|Any CPU
		{5F15837D-D1E5-44DC-92F0-4F2EBE9C3F8D}.EasyTest|Any CPU.ActiveCfg = EasyTest|Any CPU
		{5F15837D-D1E5-44DC-92F0-4F2EBE9C3F8D}.EasyTest|Any CPU.Build.0 = EasyTest|Any CPU
		{5F15837D-D1E5-44DC-92F0-4F2EBE9C3F8D}.EasyTest|ARM.ActiveCfg = EasyTest|Any CPU
		{5F15837D-D1E5-44DC-92F0-4F2EBE9C3F8D}.EasyTest|ARM.Build.0 = EasyTest|Any CPU
		{5F15837D-D1E5-44DC-92F0-4F2EBE9C3F8D}.EasyTest|iPhone.ActiveCfg = EasyTest|Any CPU
		{5F15837D-D1E5-44DC-92F0-4F2EBE9C3F8D}.EasyTest|iPhone.Build.0 = EasyTest|Any CPU
		{5F15837D-D1E5-44DC-92F0-4F2EBE9C3F8D}.EasyTest|iPhoneSimulator.ActiveCfg = EasyTest|Any CPU
		{5F15837D-D1E5-44DC-92F0-4F2EBE9C3F8D}.EasyTest|iPhoneSimulator.Build.0 = EasyTest|Any CPU
		{5F15837D-D1E5-44DC-92F0-4F2EBE9C3F8D}.EasyTest|x64.ActiveCfg = EasyTest|Any CPU
		{5F15837D-D1E5-44DC-92F0-4F2EBE9C3F8D}.EasyTest|x64.Build.0 = EasyTest|Any CPU
		{5F15837D-D1E5-44DC-92F0-4F2EBE9C3F8D}.EasyTest|x86.ActiveCfg = EasyTest|Any CPU
		{5F15837D-D1E5-44DC-92F0-4F2EBE9C3F8D}.EasyTest|x86.Build.0 = EasyTest|Any CPU
		{5F15837D-D1E5-44DC-92F0-4F2EBE9C3F8D}.Release|Any CPU.ActiveCfg = Release|Any CPU
		{5F15837D-D1E5-44DC-92F0-4F2EBE9C3F8D}.Release|Any CPU.Build.0 = Release|Any CPU
		{5F15837D-D1E5-44DC-92F0-4F2EBE9C3F8D}.Release|ARM.ActiveCfg = Release|Any CPU
		{5F15837D-D1E5-44DC-92F0-4F2EBE9C3F8D}.Release|ARM.Build.0 = Release|Any CPU
		{5F15837D-D1E5-44DC-92F0-4F2EBE9C3F8D}.Release|iPhone.ActiveCfg = Release|Any CPU
		{5F15837D-D1E5-44DC-92F0-4F2EBE9C3F8D}.Release|iPhone.Build.0 = Release|Any CPU
		{5F15837D-D1E5-44DC-92F0-4F2EBE9C3F8D}.Release|iPhoneSimulator.ActiveCfg = Release|Any CPU
		{5F15837D-D1E5-44DC-92F0-4F2EBE9C3F8D}.Release|iPhoneSimulator.Build.0 = Release|Any CPU
		{5F15837D-D1E5-44DC-92F0-4F2EBE9C3F8D}.Release|x64.ActiveCfg = Release|Any CPU
		{5F15837D-D1E5-44DC-92F0-4F2EBE9C3F8D}.Release|x64.Build.0 = Release|Any CPU
		{5F15837D-D1E5-44DC-92F0-4F2EBE9C3F8D}.Release|x86.ActiveCfg = Release|Any CPU
		{5F15837D-D1E5-44DC-92F0-4F2EBE9C3F8D}.Release|x86.Build.0 = Release|Any CPU
		{0C729AAD-7626-4668-A7F1-35F7D240489D}.Ad-Hoc|Any CPU.ActiveCfg = Release|Any CPU
		{0C729AAD-7626-4668-A7F1-35F7D240489D}.Ad-Hoc|Any CPU.Build.0 = Release|Any CPU
		{0C729AAD-7626-4668-A7F1-35F7D240489D}.Ad-Hoc|ARM.ActiveCfg = Release|Any CPU
		{0C729AAD-7626-4668-A7F1-35F7D240489D}.Ad-Hoc|ARM.Build.0 = Release|Any CPU
		{0C729AAD-7626-4668-A7F1-35F7D240489D}.Ad-Hoc|iPhone.ActiveCfg = Release|Any CPU
		{0C729AAD-7626-4668-A7F1-35F7D240489D}.Ad-Hoc|iPhone.Build.0 = Release|Any CPU
		{0C729AAD-7626-4668-A7F1-35F7D240489D}.Ad-Hoc|iPhoneSimulator.ActiveCfg = Release|Any CPU
		{0C729AAD-7626-4668-A7F1-35F7D240489D}.Ad-Hoc|iPhoneSimulator.Build.0 = Release|Any CPU
		{0C729AAD-7626-4668-A7F1-35F7D240489D}.Ad-Hoc|x64.ActiveCfg = Release|Any CPU
		{0C729AAD-7626-4668-A7F1-35F7D240489D}.Ad-Hoc|x64.Build.0 = Release|Any CPU
		{0C729AAD-7626-4668-A7F1-35F7D240489D}.Ad-Hoc|x86.ActiveCfg = Release|Any CPU
		{0C729AAD-7626-4668-A7F1-35F7D240489D}.Ad-Hoc|x86.Build.0 = Release|Any CPU
		{0C729AAD-7626-4668-A7F1-35F7D240489D}.AppStore|Any CPU.ActiveCfg = Release|Any CPU
		{0C729AAD-7626-4668-A7F1-35F7D240489D}.AppStore|Any CPU.Build.0 = Release|Any CPU
		{0C729AAD-7626-4668-A7F1-35F7D240489D}.AppStore|ARM.ActiveCfg = Release|Any CPU
		{0C729AAD-7626-4668-A7F1-35F7D240489D}.AppStore|ARM.Build.0 = Release|Any CPU
		{0C729AAD-7626-4668-A7F1-35F7D240489D}.AppStore|iPhone.ActiveCfg = Release|Any CPU
		{0C729AAD-7626-4668-A7F1-35F7D240489D}.AppStore|iPhone.Build.0 = Release|Any CPU
		{0C729AAD-7626-4668-A7F1-35F7D240489D}.AppStore|iPhoneSimulator.ActiveCfg = Release|Any CPU
		{0C729AAD-7626-4668-A7F1-35F7D240489D}.AppStore|iPhoneSimulator.Build.0 = Release|Any CPU
		{0C729AAD-7626-4668-A7F1-35F7D240489D}.AppStore|x64.ActiveCfg = Release|Any CPU
		{0C729AAD-7626-4668-A7F1-35F7D240489D}.AppStore|x64.Build.0 = Release|Any CPU
		{0C729AAD-7626-4668-A7F1-35F7D240489D}.AppStore|x86.ActiveCfg = Release|Any CPU
		{0C729AAD-7626-4668-A7F1-35F7D240489D}.AppStore|x86.Build.0 = Release|Any CPU
		{0C729AAD-7626-4668-A7F1-35F7D240489D}.Debug|Any CPU.ActiveCfg = Debug|Any CPU
		{0C729AAD-7626-4668-A7F1-35F7D240489D}.Debug|Any CPU.Build.0 = Debug|Any CPU
		{0C729AAD-7626-4668-A7F1-35F7D240489D}.Debug|ARM.ActiveCfg = Debug|Any CPU
		{0C729AAD-7626-4668-A7F1-35F7D240489D}.Debug|ARM.Build.0 = Debug|Any CPU
		{0C729AAD-7626-4668-A7F1-35F7D240489D}.Debug|iPhone.ActiveCfg = Debug|Any CPU
		{0C729AAD-7626-4668-A7F1-35F7D240489D}.Debug|iPhone.Build.0 = Debug|Any CPU
		{0C729AAD-7626-4668-A7F1-35F7D240489D}.Debug|iPhoneSimulator.ActiveCfg = Debug|Any CPU
		{0C729AAD-7626-4668-A7F1-35F7D240489D}.Debug|iPhoneSimulator.Build.0 = Debug|Any CPU
		{0C729AAD-7626-4668-A7F1-35F7D240489D}.Debug|x64.ActiveCfg = Debug|Any CPU
		{0C729AAD-7626-4668-A7F1-35F7D240489D}.Debug|x64.Build.0 = Debug|Any CPU
		{0C729AAD-7626-4668-A7F1-35F7D240489D}.Debug|x86.ActiveCfg = Debug|Any CPU
		{0C729AAD-7626-4668-A7F1-35F7D240489D}.Debug|x86.Build.0 = Debug|Any CPU
		{0C729AAD-7626-4668-A7F1-35F7D240489D}.EasyTest|Any CPU.ActiveCfg = EasyTest|Any CPU
		{0C729AAD-7626-4668-A7F1-35F7D240489D}.EasyTest|Any CPU.Build.0 = EasyTest|Any CPU
		{0C729AAD-7626-4668-A7F1-35F7D240489D}.EasyTest|ARM.ActiveCfg = EasyTest|Any CPU
		{0C729AAD-7626-4668-A7F1-35F7D240489D}.EasyTest|ARM.Build.0 = EasyTest|Any CPU
		{0C729AAD-7626-4668-A7F1-35F7D240489D}.EasyTest|iPhone.ActiveCfg = EasyTest|Any CPU
		{0C729AAD-7626-4668-A7F1-35F7D240489D}.EasyTest|iPhone.Build.0 = EasyTest|Any CPU
		{0C729AAD-7626-4668-A7F1-35F7D240489D}.EasyTest|iPhoneSimulator.ActiveCfg = EasyTest|Any CPU
		{0C729AAD-7626-4668-A7F1-35F7D240489D}.EasyTest|iPhoneSimulator.Build.0 = EasyTest|Any CPU
		{0C729AAD-7626-4668-A7F1-35F7D240489D}.EasyTest|x64.ActiveCfg = EasyTest|Any CPU
		{0C729AAD-7626-4668-A7F1-35F7D240489D}.EasyTest|x64.Build.0 = EasyTest|Any CPU
		{0C729AAD-7626-4668-A7F1-35F7D240489D}.EasyTest|x86.ActiveCfg = EasyTest|Any CPU
		{0C729AAD-7626-4668-A7F1-35F7D240489D}.EasyTest|x86.Build.0 = EasyTest|Any CPU
		{0C729AAD-7626-4668-A7F1-35F7D240489D}.Release|Any CPU.ActiveCfg = Release|Any CPU
		{0C729AAD-7626-4668-A7F1-35F7D240489D}.Release|Any CPU.Build.0 = Release|Any CPU
		{0C729AAD-7626-4668-A7F1-35F7D240489D}.Release|ARM.ActiveCfg = Release|Any CPU
		{0C729AAD-7626-4668-A7F1-35F7D240489D}.Release|ARM.Build.0 = Release|Any CPU
		{0C729AAD-7626-4668-A7F1-35F7D240489D}.Release|iPhone.ActiveCfg = Release|Any CPU
		{0C729AAD-7626-4668-A7F1-35F7D240489D}.Release|iPhone.Build.0 = Release|Any CPU
		{0C729AAD-7626-4668-A7F1-35F7D240489D}.Release|iPhoneSimulator.ActiveCfg = Release|Any CPU
		{0C729AAD-7626-4668-A7F1-35F7D240489D}.Release|iPhoneSimulator.Build.0 = Release|Any CPU
		{0C729AAD-7626-4668-A7F1-35F7D240489D}.Release|x64.ActiveCfg = Release|Any CPU
		{0C729AAD-7626-4668-A7F1-35F7D240489D}.Release|x64.Build.0 = Release|Any CPU
		{0C729AAD-7626-4668-A7F1-35F7D240489D}.Release|x86.ActiveCfg = Release|Any CPU
		{0C729AAD-7626-4668-A7F1-35F7D240489D}.Release|x86.Build.0 = Release|Any CPU
		{82A6DBC9-B1B4-44E4-9718-55DF930CD349}.Ad-Hoc|Any CPU.ActiveCfg = Release|Any CPU
		{82A6DBC9-B1B4-44E4-9718-55DF930CD349}.Ad-Hoc|Any CPU.Build.0 = Release|Any CPU
		{82A6DBC9-B1B4-44E4-9718-55DF930CD349}.Ad-Hoc|ARM.ActiveCfg = Release|Any CPU
		{82A6DBC9-B1B4-44E4-9718-55DF930CD349}.Ad-Hoc|ARM.Build.0 = Release|Any CPU
		{82A6DBC9-B1B4-44E4-9718-55DF930CD349}.Ad-Hoc|iPhone.ActiveCfg = Release|Any CPU
		{82A6DBC9-B1B4-44E4-9718-55DF930CD349}.Ad-Hoc|iPhone.Build.0 = Release|Any CPU
		{82A6DBC9-B1B4-44E4-9718-55DF930CD349}.Ad-Hoc|iPhoneSimulator.ActiveCfg = Release|Any CPU
		{82A6DBC9-B1B4-44E4-9718-55DF930CD349}.Ad-Hoc|iPhoneSimulator.Build.0 = Release|Any CPU
		{82A6DBC9-B1B4-44E4-9718-55DF930CD349}.Ad-Hoc|x64.ActiveCfg = Release|Any CPU
		{82A6DBC9-B1B4-44E4-9718-55DF930CD349}.Ad-Hoc|x64.Build.0 = Release|Any CPU
		{82A6DBC9-B1B4-44E4-9718-55DF930CD349}.Ad-Hoc|x86.ActiveCfg = Release|Any CPU
		{82A6DBC9-B1B4-44E4-9718-55DF930CD349}.Ad-Hoc|x86.Build.0 = Release|Any CPU
		{82A6DBC9-B1B4-44E4-9718-55DF930CD349}.AppStore|Any CPU.ActiveCfg = Release|Any CPU
		{82A6DBC9-B1B4-44E4-9718-55DF930CD349}.AppStore|Any CPU.Build.0 = Release|Any CPU
		{82A6DBC9-B1B4-44E4-9718-55DF930CD349}.AppStore|ARM.ActiveCfg = Release|Any CPU
		{82A6DBC9-B1B4-44E4-9718-55DF930CD349}.AppStore|ARM.Build.0 = Release|Any CPU
		{82A6DBC9-B1B4-44E4-9718-55DF930CD349}.AppStore|iPhone.ActiveCfg = Release|Any CPU
		{82A6DBC9-B1B4-44E4-9718-55DF930CD349}.AppStore|iPhone.Build.0 = Release|Any CPU
		{82A6DBC9-B1B4-44E4-9718-55DF930CD349}.AppStore|iPhoneSimulator.ActiveCfg = Release|Any CPU
		{82A6DBC9-B1B4-44E4-9718-55DF930CD349}.AppStore|iPhoneSimulator.Build.0 = Release|Any CPU
		{82A6DBC9-B1B4-44E4-9718-55DF930CD349}.AppStore|x64.ActiveCfg = Release|Any CPU
		{82A6DBC9-B1B4-44E4-9718-55DF930CD349}.AppStore|x64.Build.0 = Release|Any CPU
		{82A6DBC9-B1B4-44E4-9718-55DF930CD349}.AppStore|x86.ActiveCfg = Release|Any CPU
		{82A6DBC9-B1B4-44E4-9718-55DF930CD349}.AppStore|x86.Build.0 = Release|Any CPU
		{82A6DBC9-B1B4-44E4-9718-55DF930CD349}.Debug|Any CPU.ActiveCfg = Debug|Any CPU
		{82A6DBC9-B1B4-44E4-9718-55DF930CD349}.Debug|Any CPU.Build.0 = Debug|Any CPU
		{82A6DBC9-B1B4-44E4-9718-55DF930CD349}.Debug|ARM.ActiveCfg = Debug|Any CPU
		{82A6DBC9-B1B4-44E4-9718-55DF930CD349}.Debug|ARM.Build.0 = Debug|Any CPU
		{82A6DBC9-B1B4-44E4-9718-55DF930CD349}.Debug|iPhone.ActiveCfg = Debug|Any CPU
		{82A6DBC9-B1B4-44E4-9718-55DF930CD349}.Debug|iPhone.Build.0 = Debug|Any CPU
		{82A6DBC9-B1B4-44E4-9718-55DF930CD349}.Debug|iPhoneSimulator.ActiveCfg = Debug|Any CPU
		{82A6DBC9-B1B4-44E4-9718-55DF930CD349}.Debug|iPhoneSimulator.Build.0 = Debug|Any CPU
		{82A6DBC9-B1B4-44E4-9718-55DF930CD349}.Debug|x64.ActiveCfg = Debug|Any CPU
		{82A6DBC9-B1B4-44E4-9718-55DF930CD349}.Debug|x64.Build.0 = Debug|Any CPU
		{82A6DBC9-B1B4-44E4-9718-55DF930CD349}.Debug|x86.ActiveCfg = Debug|Any CPU
		{82A6DBC9-B1B4-44E4-9718-55DF930CD349}.Debug|x86.Build.0 = Debug|Any CPU
		{82A6DBC9-B1B4-44E4-9718-55DF930CD349}.EasyTest|Any CPU.ActiveCfg = EasyTest|Any CPU
		{82A6DBC9-B1B4-44E4-9718-55DF930CD349}.EasyTest|Any CPU.Build.0 = EasyTest|Any CPU
		{82A6DBC9-B1B4-44E4-9718-55DF930CD349}.EasyTest|ARM.ActiveCfg = EasyTest|Any CPU
		{82A6DBC9-B1B4-44E4-9718-55DF930CD349}.EasyTest|ARM.Build.0 = EasyTest|Any CPU
		{82A6DBC9-B1B4-44E4-9718-55DF930CD349}.EasyTest|iPhone.ActiveCfg = EasyTest|Any CPU
		{82A6DBC9-B1B4-44E4-9718-55DF930CD349}.EasyTest|iPhone.Build.0 = EasyTest|Any CPU
		{82A6DBC9-B1B4-44E4-9718-55DF930CD349}.EasyTest|iPhoneSimulator.ActiveCfg = EasyTest|Any CPU
		{82A6DBC9-B1B4-44E4-9718-55DF930CD349}.EasyTest|iPhoneSimulator.Build.0 = EasyTest|Any CPU
		{82A6DBC9-B1B4-44E4-9718-55DF930CD349}.EasyTest|x64.ActiveCfg = EasyTest|Any CPU
		{82A6DBC9-B1B4-44E4-9718-55DF930CD349}.EasyTest|x64.Build.0 = EasyTest|Any CPU
		{82A6DBC9-B1B4-44E4-9718-55DF930CD349}.EasyTest|x86.ActiveCfg = EasyTest|Any CPU
		{82A6DBC9-B1B4-44E4-9718-55DF930CD349}.EasyTest|x86.Build.0 = EasyTest|Any CPU
		{82A6DBC9-B1B4-44E4-9718-55DF930CD349}.Release|Any CPU.ActiveCfg = Release|Any CPU
		{82A6DBC9-B1B4-44E4-9718-55DF930CD349}.Release|Any CPU.Build.0 = Release|Any CPU
		{82A6DBC9-B1B4-44E4-9718-55DF930CD349}.Release|ARM.ActiveCfg = Release|Any CPU
		{82A6DBC9-B1B4-44E4-9718-55DF930CD349}.Release|ARM.Build.0 = Release|Any CPU
		{82A6DBC9-B1B4-44E4-9718-55DF930CD349}.Release|iPhone.ActiveCfg = Release|Any CPU
		{82A6DBC9-B1B4-44E4-9718-55DF930CD349}.Release|iPhone.Build.0 = Release|Any CPU
		{82A6DBC9-B1B4-44E4-9718-55DF930CD349}.Release|iPhoneSimulator.ActiveCfg = Release|Any CPU
		{82A6DBC9-B1B4-44E4-9718-55DF930CD349}.Release|iPhoneSimulator.Build.0 = Release|Any CPU
		{82A6DBC9-B1B4-44E4-9718-55DF930CD349}.Release|x64.ActiveCfg = Release|Any CPU
		{82A6DBC9-B1B4-44E4-9718-55DF930CD349}.Release|x64.Build.0 = Release|Any CPU
		{82A6DBC9-B1B4-44E4-9718-55DF930CD349}.Release|x86.ActiveCfg = Release|Any CPU
		{82A6DBC9-B1B4-44E4-9718-55DF930CD349}.Release|x86.Build.0 = Release|Any CPU
		{7964F87D-BC5D-4C4E-8B2F-71E89739AA97}.Ad-Hoc|Any CPU.ActiveCfg = Release|Any CPU
		{7964F87D-BC5D-4C4E-8B2F-71E89739AA97}.Ad-Hoc|Any CPU.Build.0 = Release|Any CPU
		{7964F87D-BC5D-4C4E-8B2F-71E89739AA97}.Ad-Hoc|ARM.ActiveCfg = Release|Any CPU
		{7964F87D-BC5D-4C4E-8B2F-71E89739AA97}.Ad-Hoc|ARM.Build.0 = Release|Any CPU
		{7964F87D-BC5D-4C4E-8B2F-71E89739AA97}.Ad-Hoc|iPhone.ActiveCfg = Release|Any CPU
		{7964F87D-BC5D-4C4E-8B2F-71E89739AA97}.Ad-Hoc|iPhone.Build.0 = Release|Any CPU
		{7964F87D-BC5D-4C4E-8B2F-71E89739AA97}.Ad-Hoc|iPhoneSimulator.ActiveCfg = Release|Any CPU
		{7964F87D-BC5D-4C4E-8B2F-71E89739AA97}.Ad-Hoc|iPhoneSimulator.Build.0 = Release|Any CPU
		{7964F87D-BC5D-4C4E-8B2F-71E89739AA97}.Ad-Hoc|x64.ActiveCfg = Release|Any CPU
		{7964F87D-BC5D-4C4E-8B2F-71E89739AA97}.Ad-Hoc|x64.Build.0 = Release|Any CPU
		{7964F87D-BC5D-4C4E-8B2F-71E89739AA97}.Ad-Hoc|x86.ActiveCfg = Release|Any CPU
		{7964F87D-BC5D-4C4E-8B2F-71E89739AA97}.Ad-Hoc|x86.Build.0 = Release|Any CPU
		{7964F87D-BC5D-4C4E-8B2F-71E89739AA97}.AppStore|Any CPU.ActiveCfg = Release|Any CPU
		{7964F87D-BC5D-4C4E-8B2F-71E89739AA97}.AppStore|Any CPU.Build.0 = Release|Any CPU
		{7964F87D-BC5D-4C4E-8B2F-71E89739AA97}.AppStore|ARM.ActiveCfg = Release|Any CPU
		{7964F87D-BC5D-4C4E-8B2F-71E89739AA97}.AppStore|ARM.Build.0 = Release|Any CPU
		{7964F87D-BC5D-4C4E-8B2F-71E89739AA97}.AppStore|iPhone.ActiveCfg = Release|Any CPU
		{7964F87D-BC5D-4C4E-8B2F-71E89739AA97}.AppStore|iPhone.Build.0 = Release|Any CPU
		{7964F87D-BC5D-4C4E-8B2F-71E89739AA97}.AppStore|iPhoneSimulator.ActiveCfg = Release|Any CPU
		{7964F87D-BC5D-4C4E-8B2F-71E89739AA97}.AppStore|iPhoneSimulator.Build.0 = Release|Any CPU
		{7964F87D-BC5D-4C4E-8B2F-71E89739AA97}.AppStore|x64.ActiveCfg = Release|Any CPU
		{7964F87D-BC5D-4C4E-8B2F-71E89739AA97}.AppStore|x64.Build.0 = Release|Any CPU
		{7964F87D-BC5D-4C4E-8B2F-71E89739AA97}.AppStore|x86.ActiveCfg = Release|Any CPU
		{7964F87D-BC5D-4C4E-8B2F-71E89739AA97}.AppStore|x86.Build.0 = Release|Any CPU
		{7964F87D-BC5D-4C4E-8B2F-71E89739AA97}.Debug|Any CPU.ActiveCfg = Debug|Any CPU
		{7964F87D-BC5D-4C4E-8B2F-71E89739AA97}.Debug|Any CPU.Build.0 = Debug|Any CPU
		{7964F87D-BC5D-4C4E-8B2F-71E89739AA97}.Debug|ARM.ActiveCfg = Debug|Any CPU
		{7964F87D-BC5D-4C4E-8B2F-71E89739AA97}.Debug|ARM.Build.0 = Debug|Any CPU
		{7964F87D-BC5D-4C4E-8B2F-71E89739AA97}.Debug|iPhone.ActiveCfg = Debug|Any CPU
		{7964F87D-BC5D-4C4E-8B2F-71E89739AA97}.Debug|iPhone.Build.0 = Debug|Any CPU
		{7964F87D-BC5D-4C4E-8B2F-71E89739AA97}.Debug|iPhoneSimulator.ActiveCfg = Debug|Any CPU
		{7964F87D-BC5D-4C4E-8B2F-71E89739AA97}.Debug|iPhoneSimulator.Build.0 = Debug|Any CPU
		{7964F87D-BC5D-4C4E-8B2F-71E89739AA97}.Debug|x64.ActiveCfg = Debug|Any CPU
		{7964F87D-BC5D-4C4E-8B2F-71E89739AA97}.Debug|x64.Build.0 = Debug|Any CPU
		{7964F87D-BC5D-4C4E-8B2F-71E89739AA97}.Debug|x86.ActiveCfg = Debug|Any CPU
		{7964F87D-BC5D-4C4E-8B2F-71E89739AA97}.Debug|x86.Build.0 = Debug|Any CPU
		{7964F87D-BC5D-4C4E-8B2F-71E89739AA97}.EasyTest|Any CPU.ActiveCfg = EasyTest|Any CPU
		{7964F87D-BC5D-4C4E-8B2F-71E89739AA97}.EasyTest|Any CPU.Build.0 = EasyTest|Any CPU
		{7964F87D-BC5D-4C4E-8B2F-71E89739AA97}.EasyTest|ARM.ActiveCfg = EasyTest|Any CPU
		{7964F87D-BC5D-4C4E-8B2F-71E89739AA97}.EasyTest|ARM.Build.0 = EasyTest|Any CPU
		{7964F87D-BC5D-4C4E-8B2F-71E89739AA97}.EasyTest|iPhone.ActiveCfg = EasyTest|Any CPU
		{7964F87D-BC5D-4C4E-8B2F-71E89739AA97}.EasyTest|iPhone.Build.0 = EasyTest|Any CPU
		{7964F87D-BC5D-4C4E-8B2F-71E89739AA97}.EasyTest|iPhoneSimulator.ActiveCfg = EasyTest|Any CPU
		{7964F87D-BC5D-4C4E-8B2F-71E89739AA97}.EasyTest|iPhoneSimulator.Build.0 = EasyTest|Any CPU
		{7964F87D-BC5D-4C4E-8B2F-71E89739AA97}.EasyTest|x64.ActiveCfg = EasyTest|Any CPU
		{7964F87D-BC5D-4C4E-8B2F-71E89739AA97}.EasyTest|x64.Build.0 = EasyTest|Any CPU
		{7964F87D-BC5D-4C4E-8B2F-71E89739AA97}.EasyTest|x86.ActiveCfg = EasyTest|Any CPU
		{7964F87D-BC5D-4C4E-8B2F-71E89739AA97}.EasyTest|x86.Build.0 = EasyTest|Any CPU
		{7964F87D-BC5D-4C4E-8B2F-71E89739AA97}.Release|Any CPU.ActiveCfg = Release|Any CPU
		{7964F87D-BC5D-4C4E-8B2F-71E89739AA97}.Release|Any CPU.Build.0 = Release|Any CPU
		{7964F87D-BC5D-4C4E-8B2F-71E89739AA97}.Release|ARM.ActiveCfg = Release|Any CPU
		{7964F87D-BC5D-4C4E-8B2F-71E89739AA97}.Release|ARM.Build.0 = Release|Any CPU
		{7964F87D-BC5D-4C4E-8B2F-71E89739AA97}.Release|iPhone.ActiveCfg = Release|Any CPU
		{7964F87D-BC5D-4C4E-8B2F-71E89739AA97}.Release|iPhone.Build.0 = Release|Any CPU
		{7964F87D-BC5D-4C4E-8B2F-71E89739AA97}.Release|iPhoneSimulator.ActiveCfg = Release|Any CPU
		{7964F87D-BC5D-4C4E-8B2F-71E89739AA97}.Release|iPhoneSimulator.Build.0 = Release|Any CPU
		{7964F87D-BC5D-4C4E-8B2F-71E89739AA97}.Release|x64.ActiveCfg = Release|Any CPU
		{7964F87D-BC5D-4C4E-8B2F-71E89739AA97}.Release|x64.Build.0 = Release|Any CPU
		{7964F87D-BC5D-4C4E-8B2F-71E89739AA97}.Release|x86.ActiveCfg = Release|Any CPU
		{7964F87D-BC5D-4C4E-8B2F-71E89739AA97}.Release|x86.Build.0 = Release|Any CPU
		{D05D93DF-312D-4D4E-B980-726871EC7833}.Ad-Hoc|Any CPU.ActiveCfg = Release|Any CPU
		{D05D93DF-312D-4D4E-B980-726871EC7833}.Ad-Hoc|Any CPU.Build.0 = Release|Any CPU
		{D05D93DF-312D-4D4E-B980-726871EC7833}.Ad-Hoc|ARM.ActiveCfg = Release|Any CPU
		{D05D93DF-312D-4D4E-B980-726871EC7833}.Ad-Hoc|ARM.Build.0 = Release|Any CPU
		{D05D93DF-312D-4D4E-B980-726871EC7833}.Ad-Hoc|iPhone.ActiveCfg = Release|Any CPU
		{D05D93DF-312D-4D4E-B980-726871EC7833}.Ad-Hoc|iPhone.Build.0 = Release|Any CPU
		{D05D93DF-312D-4D4E-B980-726871EC7833}.Ad-Hoc|iPhoneSimulator.ActiveCfg = Release|Any CPU
		{D05D93DF-312D-4D4E-B980-726871EC7833}.Ad-Hoc|iPhoneSimulator.Build.0 = Release|Any CPU
		{D05D93DF-312D-4D4E-B980-726871EC7833}.Ad-Hoc|x64.ActiveCfg = Release|Any CPU
		{D05D93DF-312D-4D4E-B980-726871EC7833}.Ad-Hoc|x64.Build.0 = Release|Any CPU
		{D05D93DF-312D-4D4E-B980-726871EC7833}.Ad-Hoc|x86.ActiveCfg = Release|Any CPU
		{D05D93DF-312D-4D4E-B980-726871EC7833}.Ad-Hoc|x86.Build.0 = Release|Any CPU
		{D05D93DF-312D-4D4E-B980-726871EC7833}.AppStore|Any CPU.ActiveCfg = Release|Any CPU
		{D05D93DF-312D-4D4E-B980-726871EC7833}.AppStore|Any CPU.Build.0 = Release|Any CPU
		{D05D93DF-312D-4D4E-B980-726871EC7833}.AppStore|ARM.ActiveCfg = Release|Any CPU
		{D05D93DF-312D-4D4E-B980-726871EC7833}.AppStore|ARM.Build.0 = Release|Any CPU
		{D05D93DF-312D-4D4E-B980-726871EC7833}.AppStore|iPhone.ActiveCfg = Release|Any CPU
		{D05D93DF-312D-4D4E-B980-726871EC7833}.AppStore|iPhone.Build.0 = Release|Any CPU
		{D05D93DF-312D-4D4E-B980-726871EC7833}.AppStore|iPhoneSimulator.ActiveCfg = Release|Any CPU
		{D05D93DF-312D-4D4E-B980-726871EC7833}.AppStore|iPhoneSimulator.Build.0 = Release|Any CPU
		{D05D93DF-312D-4D4E-B980-726871EC7833}.AppStore|x64.ActiveCfg = Release|Any CPU
		{D05D93DF-312D-4D4E-B980-726871EC7833}.AppStore|x64.Build.0 = Release|Any CPU
		{D05D93DF-312D-4D4E-B980-726871EC7833}.AppStore|x86.ActiveCfg = Release|Any CPU
		{D05D93DF-312D-4D4E-B980-726871EC7833}.AppStore|x86.Build.0 = Release|Any CPU
		{D05D93DF-312D-4D4E-B980-726871EC7833}.Debug|Any CPU.ActiveCfg = Debug|Any CPU
		{D05D93DF-312D-4D4E-B980-726871EC7833}.Debug|Any CPU.Build.0 = Debug|Any CPU
		{D05D93DF-312D-4D4E-B980-726871EC7833}.Debug|ARM.ActiveCfg = Debug|Any CPU
		{D05D93DF-312D-4D4E-B980-726871EC7833}.Debug|ARM.Build.0 = Debug|Any CPU
		{D05D93DF-312D-4D4E-B980-726871EC7833}.Debug|iPhone.ActiveCfg = Debug|Any CPU
		{D05D93DF-312D-4D4E-B980-726871EC7833}.Debug|iPhone.Build.0 = Debug|Any CPU
		{D05D93DF-312D-4D4E-B980-726871EC7833}.Debug|iPhoneSimulator.ActiveCfg = Debug|Any CPU
		{D05D93DF-312D-4D4E-B980-726871EC7833}.Debug|iPhoneSimulator.Build.0 = Debug|Any CPU
		{D05D93DF-312D-4D4E-B980-726871EC7833}.Debug|x64.ActiveCfg = Debug|Any CPU
		{D05D93DF-312D-4D4E-B980-726871EC7833}.Debug|x64.Build.0 = Debug|Any CPU
		{D05D93DF-312D-4D4E-B980-726871EC7833}.Debug|x86.ActiveCfg = Debug|Any CPU
		{D05D93DF-312D-4D4E-B980-726871EC7833}.Debug|x86.Build.0 = Debug|Any CPU
		{D05D93DF-312D-4D4E-B980-726871EC7833}.EasyTest|Any CPU.ActiveCfg = EasyTest|Any CPU
		{D05D93DF-312D-4D4E-B980-726871EC7833}.EasyTest|Any CPU.Build.0 = EasyTest|Any CPU
		{D05D93DF-312D-4D4E-B980-726871EC7833}.EasyTest|ARM.ActiveCfg = EasyTest|Any CPU
		{D05D93DF-312D-4D4E-B980-726871EC7833}.EasyTest|ARM.Build.0 = EasyTest|Any CPU
		{D05D93DF-312D-4D4E-B980-726871EC7833}.EasyTest|iPhone.ActiveCfg = EasyTest|Any CPU
		{D05D93DF-312D-4D4E-B980-726871EC7833}.EasyTest|iPhone.Build.0 = EasyTest|Any CPU
		{D05D93DF-312D-4D4E-B980-726871EC7833}.EasyTest|iPhoneSimulator.ActiveCfg = EasyTest|Any CPU
		{D05D93DF-312D-4D4E-B980-726871EC7833}.EasyTest|iPhoneSimulator.Build.0 = EasyTest|Any CPU
		{D05D93DF-312D-4D4E-B980-726871EC7833}.EasyTest|x64.ActiveCfg = EasyTest|Any CPU
		{D05D93DF-312D-4D4E-B980-726871EC7833}.EasyTest|x64.Build.0 = EasyTest|Any CPU
		{D05D93DF-312D-4D4E-B980-726871EC7833}.EasyTest|x86.ActiveCfg = EasyTest|Any CPU
		{D05D93DF-312D-4D4E-B980-726871EC7833}.EasyTest|x86.Build.0 = EasyTest|Any CPU
		{D05D93DF-312D-4D4E-B980-726871EC7833}.Release|Any CPU.ActiveCfg = Release|Any CPU
		{D05D93DF-312D-4D4E-B980-726871EC7833}.Release|Any CPU.Build.0 = Release|Any CPU
		{D05D93DF-312D-4D4E-B980-726871EC7833}.Release|ARM.ActiveCfg = Release|Any CPU
		{D05D93DF-312D-4D4E-B980-726871EC7833}.Release|ARM.Build.0 = Release|Any CPU
		{D05D93DF-312D-4D4E-B980-726871EC7833}.Release|iPhone.ActiveCfg = Release|Any CPU
		{D05D93DF-312D-4D4E-B980-726871EC7833}.Release|iPhone.Build.0 = Release|Any CPU
		{D05D93DF-312D-4D4E-B980-726871EC7833}.Release|iPhoneSimulator.ActiveCfg = Release|Any CPU
		{D05D93DF-312D-4D4E-B980-726871EC7833}.Release|iPhoneSimulator.Build.0 = Release|Any CPU
		{D05D93DF-312D-4D4E-B980-726871EC7833}.Release|x64.ActiveCfg = Release|Any CPU
		{D05D93DF-312D-4D4E-B980-726871EC7833}.Release|x64.Build.0 = Release|Any CPU
		{D05D93DF-312D-4D4E-B980-726871EC7833}.Release|x86.ActiveCfg = Release|Any CPU
		{D05D93DF-312D-4D4E-B980-726871EC7833}.Release|x86.Build.0 = Release|Any CPU
		{A1782268-14F8-4BE1-9C67-EDA68342707B}.Ad-Hoc|Any CPU.ActiveCfg = Release|Any CPU
		{A1782268-14F8-4BE1-9C67-EDA68342707B}.Ad-Hoc|Any CPU.Build.0 = Release|Any CPU
		{A1782268-14F8-4BE1-9C67-EDA68342707B}.Ad-Hoc|Any CPU.Deploy.0 = Release|Any CPU
		{A1782268-14F8-4BE1-9C67-EDA68342707B}.Ad-Hoc|ARM.ActiveCfg = Release|Any CPU
		{A1782268-14F8-4BE1-9C67-EDA68342707B}.Ad-Hoc|ARM.Build.0 = Release|Any CPU
		{A1782268-14F8-4BE1-9C67-EDA68342707B}.Ad-Hoc|ARM.Deploy.0 = Release|Any CPU
		{A1782268-14F8-4BE1-9C67-EDA68342707B}.Ad-Hoc|iPhone.ActiveCfg = Release|Any CPU
		{A1782268-14F8-4BE1-9C67-EDA68342707B}.Ad-Hoc|iPhone.Build.0 = Release|Any CPU
		{A1782268-14F8-4BE1-9C67-EDA68342707B}.Ad-Hoc|iPhone.Deploy.0 = Release|Any CPU
		{A1782268-14F8-4BE1-9C67-EDA68342707B}.Ad-Hoc|iPhoneSimulator.ActiveCfg = Release|Any CPU
		{A1782268-14F8-4BE1-9C67-EDA68342707B}.Ad-Hoc|iPhoneSimulator.Build.0 = Release|Any CPU
		{A1782268-14F8-4BE1-9C67-EDA68342707B}.Ad-Hoc|iPhoneSimulator.Deploy.0 = Release|Any CPU
		{A1782268-14F8-4BE1-9C67-EDA68342707B}.Ad-Hoc|x64.ActiveCfg = Release|Any CPU
		{A1782268-14F8-4BE1-9C67-EDA68342707B}.Ad-Hoc|x64.Build.0 = Release|Any CPU
		{A1782268-14F8-4BE1-9C67-EDA68342707B}.Ad-Hoc|x64.Deploy.0 = Release|Any CPU
		{A1782268-14F8-4BE1-9C67-EDA68342707B}.Ad-Hoc|x86.ActiveCfg = Release|Any CPU
		{A1782268-14F8-4BE1-9C67-EDA68342707B}.Ad-Hoc|x86.Build.0 = Release|Any CPU
		{A1782268-14F8-4BE1-9C67-EDA68342707B}.Ad-Hoc|x86.Deploy.0 = Release|Any CPU
		{A1782268-14F8-4BE1-9C67-EDA68342707B}.AppStore|Any CPU.ActiveCfg = Release|Any CPU
		{A1782268-14F8-4BE1-9C67-EDA68342707B}.AppStore|Any CPU.Build.0 = Release|Any CPU
		{A1782268-14F8-4BE1-9C67-EDA68342707B}.AppStore|Any CPU.Deploy.0 = Release|Any CPU
		{A1782268-14F8-4BE1-9C67-EDA68342707B}.AppStore|ARM.ActiveCfg = Release|Any CPU
		{A1782268-14F8-4BE1-9C67-EDA68342707B}.AppStore|ARM.Build.0 = Release|Any CPU
		{A1782268-14F8-4BE1-9C67-EDA68342707B}.AppStore|ARM.Deploy.0 = Release|Any CPU
		{A1782268-14F8-4BE1-9C67-EDA68342707B}.AppStore|iPhone.ActiveCfg = Release|Any CPU
		{A1782268-14F8-4BE1-9C67-EDA68342707B}.AppStore|iPhone.Build.0 = Release|Any CPU
		{A1782268-14F8-4BE1-9C67-EDA68342707B}.AppStore|iPhone.Deploy.0 = Release|Any CPU
		{A1782268-14F8-4BE1-9C67-EDA68342707B}.AppStore|iPhoneSimulator.ActiveCfg = Release|Any CPU
		{A1782268-14F8-4BE1-9C67-EDA68342707B}.AppStore|iPhoneSimulator.Build.0 = Release|Any CPU
		{A1782268-14F8-4BE1-9C67-EDA68342707B}.AppStore|iPhoneSimulator.Deploy.0 = Release|Any CPU
		{A1782268-14F8-4BE1-9C67-EDA68342707B}.AppStore|x64.ActiveCfg = Release|Any CPU
		{A1782268-14F8-4BE1-9C67-EDA68342707B}.AppStore|x64.Build.0 = Release|Any CPU
		{A1782268-14F8-4BE1-9C67-EDA68342707B}.AppStore|x64.Deploy.0 = Release|Any CPU
		{A1782268-14F8-4BE1-9C67-EDA68342707B}.AppStore|x86.ActiveCfg = Release|Any CPU
		{A1782268-14F8-4BE1-9C67-EDA68342707B}.AppStore|x86.Build.0 = Release|Any CPU
		{A1782268-14F8-4BE1-9C67-EDA68342707B}.AppStore|x86.Deploy.0 = Release|Any CPU
		{A1782268-14F8-4BE1-9C67-EDA68342707B}.Debug|Any CPU.ActiveCfg = Debug|Any CPU
		{A1782268-14F8-4BE1-9C67-EDA68342707B}.Debug|Any CPU.Build.0 = Debug|Any CPU
		{A1782268-14F8-4BE1-9C67-EDA68342707B}.Debug|Any CPU.Deploy.0 = Debug|Any CPU
		{A1782268-14F8-4BE1-9C67-EDA68342707B}.Debug|ARM.ActiveCfg = Debug|Any CPU
		{A1782268-14F8-4BE1-9C67-EDA68342707B}.Debug|ARM.Build.0 = Debug|Any CPU
		{A1782268-14F8-4BE1-9C67-EDA68342707B}.Debug|ARM.Deploy.0 = Debug|Any CPU
		{A1782268-14F8-4BE1-9C67-EDA68342707B}.Debug|iPhone.ActiveCfg = Debug|Any CPU
		{A1782268-14F8-4BE1-9C67-EDA68342707B}.Debug|iPhone.Build.0 = Debug|Any CPU
		{A1782268-14F8-4BE1-9C67-EDA68342707B}.Debug|iPhone.Deploy.0 = Debug|Any CPU
		{A1782268-14F8-4BE1-9C67-EDA68342707B}.Debug|iPhoneSimulator.ActiveCfg = Debug|Any CPU
		{A1782268-14F8-4BE1-9C67-EDA68342707B}.Debug|iPhoneSimulator.Build.0 = Debug|Any CPU
		{A1782268-14F8-4BE1-9C67-EDA68342707B}.Debug|iPhoneSimulator.Deploy.0 = Debug|Any CPU
		{A1782268-14F8-4BE1-9C67-EDA68342707B}.Debug|x64.ActiveCfg = Debug|Any CPU
		{A1782268-14F8-4BE1-9C67-EDA68342707B}.Debug|x64.Build.0 = Debug|Any CPU
		{A1782268-14F8-4BE1-9C67-EDA68342707B}.Debug|x64.Deploy.0 = Debug|Any CPU
		{A1782268-14F8-4BE1-9C67-EDA68342707B}.Debug|x86.ActiveCfg = Debug|Any CPU
		{A1782268-14F8-4BE1-9C67-EDA68342707B}.Debug|x86.Build.0 = Debug|Any CPU
		{A1782268-14F8-4BE1-9C67-EDA68342707B}.Debug|x86.Deploy.0 = Debug|Any CPU
		{A1782268-14F8-4BE1-9C67-EDA68342707B}.EasyTest|Any CPU.ActiveCfg = Release|Any CPU
		{A1782268-14F8-4BE1-9C67-EDA68342707B}.EasyTest|Any CPU.Build.0 = Release|Any CPU
		{A1782268-14F8-4BE1-9C67-EDA68342707B}.EasyTest|Any CPU.Deploy.0 = Release|Any CPU
		{A1782268-14F8-4BE1-9C67-EDA68342707B}.EasyTest|ARM.ActiveCfg = Release|Any CPU
		{A1782268-14F8-4BE1-9C67-EDA68342707B}.EasyTest|ARM.Build.0 = Release|Any CPU
		{A1782268-14F8-4BE1-9C67-EDA68342707B}.EasyTest|ARM.Deploy.0 = Release|Any CPU
		{A1782268-14F8-4BE1-9C67-EDA68342707B}.EasyTest|iPhone.ActiveCfg = Release|Any CPU
		{A1782268-14F8-4BE1-9C67-EDA68342707B}.EasyTest|iPhone.Build.0 = Release|Any CPU
		{A1782268-14F8-4BE1-9C67-EDA68342707B}.EasyTest|iPhone.Deploy.0 = Release|Any CPU
		{A1782268-14F8-4BE1-9C67-EDA68342707B}.EasyTest|iPhoneSimulator.ActiveCfg = Release|Any CPU
		{A1782268-14F8-4BE1-9C67-EDA68342707B}.EasyTest|iPhoneSimulator.Build.0 = Release|Any CPU
		{A1782268-14F8-4BE1-9C67-EDA68342707B}.EasyTest|iPhoneSimulator.Deploy.0 = Release|Any CPU
		{A1782268-14F8-4BE1-9C67-EDA68342707B}.EasyTest|x64.ActiveCfg = Release|Any CPU
		{A1782268-14F8-4BE1-9C67-EDA68342707B}.EasyTest|x64.Build.0 = Release|Any CPU
		{A1782268-14F8-4BE1-9C67-EDA68342707B}.EasyTest|x64.Deploy.0 = Release|Any CPU
		{A1782268-14F8-4BE1-9C67-EDA68342707B}.EasyTest|x86.ActiveCfg = Release|Any CPU
		{A1782268-14F8-4BE1-9C67-EDA68342707B}.EasyTest|x86.Build.0 = Release|Any CPU
		{A1782268-14F8-4BE1-9C67-EDA68342707B}.EasyTest|x86.Deploy.0 = Release|Any CPU
		{A1782268-14F8-4BE1-9C67-EDA68342707B}.Release|Any CPU.ActiveCfg = Release|Any CPU
		{A1782268-14F8-4BE1-9C67-EDA68342707B}.Release|Any CPU.Build.0 = Release|Any CPU
		{A1782268-14F8-4BE1-9C67-EDA68342707B}.Release|Any CPU.Deploy.0 = Release|Any CPU
		{A1782268-14F8-4BE1-9C67-EDA68342707B}.Release|ARM.ActiveCfg = Release|Any CPU
		{A1782268-14F8-4BE1-9C67-EDA68342707B}.Release|ARM.Build.0 = Release|Any CPU
		{A1782268-14F8-4BE1-9C67-EDA68342707B}.Release|ARM.Deploy.0 = Release|Any CPU
		{A1782268-14F8-4BE1-9C67-EDA68342707B}.Release|iPhone.ActiveCfg = Release|Any CPU
		{A1782268-14F8-4BE1-9C67-EDA68342707B}.Release|iPhone.Build.0 = Release|Any CPU
		{A1782268-14F8-4BE1-9C67-EDA68342707B}.Release|iPhone.Deploy.0 = Release|Any CPU
		{A1782268-14F8-4BE1-9C67-EDA68342707B}.Release|iPhoneSimulator.ActiveCfg = Release|Any CPU
		{A1782268-14F8-4BE1-9C67-EDA68342707B}.Release|iPhoneSimulator.Build.0 = Release|Any CPU
		{A1782268-14F8-4BE1-9C67-EDA68342707B}.Release|iPhoneSimulator.Deploy.0 = Release|Any CPU
		{A1782268-14F8-4BE1-9C67-EDA68342707B}.Release|x64.ActiveCfg = Release|Any CPU
		{A1782268-14F8-4BE1-9C67-EDA68342707B}.Release|x64.Build.0 = Release|Any CPU
		{A1782268-14F8-4BE1-9C67-EDA68342707B}.Release|x64.Deploy.0 = Release|Any CPU
		{A1782268-14F8-4BE1-9C67-EDA68342707B}.Release|x86.ActiveCfg = Release|Any CPU
		{A1782268-14F8-4BE1-9C67-EDA68342707B}.Release|x86.Build.0 = Release|Any CPU
		{A1782268-14F8-4BE1-9C67-EDA68342707B}.Release|x86.Deploy.0 = Release|Any CPU
		{23795792-BA01-4ECA-8B4C-E15F80E360F0}.Ad-Hoc|Any CPU.ActiveCfg = Release|iPhoneSimulator
		{23795792-BA01-4ECA-8B4C-E15F80E360F0}.Ad-Hoc|Any CPU.Build.0 = Release|iPhoneSimulator
		{23795792-BA01-4ECA-8B4C-E15F80E360F0}.Ad-Hoc|ARM.ActiveCfg = Release|iPhoneSimulator
		{23795792-BA01-4ECA-8B4C-E15F80E360F0}.Ad-Hoc|ARM.Build.0 = Release|iPhoneSimulator
		{23795792-BA01-4ECA-8B4C-E15F80E360F0}.Ad-Hoc|iPhone.ActiveCfg = Release|iPhone
		{23795792-BA01-4ECA-8B4C-E15F80E360F0}.Ad-Hoc|iPhone.Build.0 = Release|iPhone
		{23795792-BA01-4ECA-8B4C-E15F80E360F0}.Ad-Hoc|iPhoneSimulator.ActiveCfg = Release|iPhoneSimulator
		{23795792-BA01-4ECA-8B4C-E15F80E360F0}.Ad-Hoc|iPhoneSimulator.Build.0 = Release|iPhoneSimulator
		{23795792-BA01-4ECA-8B4C-E15F80E360F0}.Ad-Hoc|x64.ActiveCfg = Release|iPhoneSimulator
		{23795792-BA01-4ECA-8B4C-E15F80E360F0}.Ad-Hoc|x64.Build.0 = Release|iPhoneSimulator
		{23795792-BA01-4ECA-8B4C-E15F80E360F0}.Ad-Hoc|x86.ActiveCfg = Release|iPhoneSimulator
		{23795792-BA01-4ECA-8B4C-E15F80E360F0}.Ad-Hoc|x86.Build.0 = Release|iPhoneSimulator
		{23795792-BA01-4ECA-8B4C-E15F80E360F0}.AppStore|Any CPU.ActiveCfg = Release|iPhoneSimulator
		{23795792-BA01-4ECA-8B4C-E15F80E360F0}.AppStore|Any CPU.Build.0 = Release|iPhoneSimulator
		{23795792-BA01-4ECA-8B4C-E15F80E360F0}.AppStore|ARM.ActiveCfg = Release|iPhoneSimulator
		{23795792-BA01-4ECA-8B4C-E15F80E360F0}.AppStore|ARM.Build.0 = Release|iPhoneSimulator
		{23795792-BA01-4ECA-8B4C-E15F80E360F0}.AppStore|iPhone.ActiveCfg = Release|iPhone
		{23795792-BA01-4ECA-8B4C-E15F80E360F0}.AppStore|iPhone.Build.0 = Release|iPhone
		{23795792-BA01-4ECA-8B4C-E15F80E360F0}.AppStore|iPhoneSimulator.ActiveCfg = Release|iPhoneSimulator
		{23795792-BA01-4ECA-8B4C-E15F80E360F0}.AppStore|iPhoneSimulator.Build.0 = Release|iPhoneSimulator
		{23795792-BA01-4ECA-8B4C-E15F80E360F0}.AppStore|x64.ActiveCfg = Release|iPhoneSimulator
		{23795792-BA01-4ECA-8B4C-E15F80E360F0}.AppStore|x64.Build.0 = Release|iPhoneSimulator
		{23795792-BA01-4ECA-8B4C-E15F80E360F0}.AppStore|x86.ActiveCfg = Release|iPhoneSimulator
		{23795792-BA01-4ECA-8B4C-E15F80E360F0}.AppStore|x86.Build.0 = Release|iPhoneSimulator
		{23795792-BA01-4ECA-8B4C-E15F80E360F0}.Debug|Any CPU.ActiveCfg = Debug|iPhone
		{23795792-BA01-4ECA-8B4C-E15F80E360F0}.Debug|ARM.ActiveCfg = Debug|iPhoneSimulator
		{23795792-BA01-4ECA-8B4C-E15F80E360F0}.Debug|iPhone.ActiveCfg = Debug|iPhone
		{23795792-BA01-4ECA-8B4C-E15F80E360F0}.Debug|iPhone.Build.0 = Debug|iPhone
		{23795792-BA01-4ECA-8B4C-E15F80E360F0}.Debug|iPhoneSimulator.ActiveCfg = Debug|iPhoneSimulator
		{23795792-BA01-4ECA-8B4C-E15F80E360F0}.Debug|iPhoneSimulator.Build.0 = Debug|iPhoneSimulator
		{23795792-BA01-4ECA-8B4C-E15F80E360F0}.Debug|x64.ActiveCfg = Debug|iPhoneSimulator
		{23795792-BA01-4ECA-8B4C-E15F80E360F0}.Debug|x86.ActiveCfg = Debug|iPhoneSimulator
		{23795792-BA01-4ECA-8B4C-E15F80E360F0}.EasyTest|Any CPU.ActiveCfg = Release|iPhone
		{23795792-BA01-4ECA-8B4C-E15F80E360F0}.EasyTest|Any CPU.Build.0 = Release|iPhone
		{23795792-BA01-4ECA-8B4C-E15F80E360F0}.EasyTest|ARM.ActiveCfg = Release|iPhoneSimulator
		{23795792-BA01-4ECA-8B4C-E15F80E360F0}.EasyTest|ARM.Build.0 = Release|iPhoneSimulator
		{23795792-BA01-4ECA-8B4C-E15F80E360F0}.EasyTest|iPhone.ActiveCfg = Release|iPhone
		{23795792-BA01-4ECA-8B4C-E15F80E360F0}.EasyTest|iPhone.Build.0 = Release|iPhone
		{23795792-BA01-4ECA-8B4C-E15F80E360F0}.EasyTest|iPhoneSimulator.ActiveCfg = Release|iPhoneSimulator
		{23795792-BA01-4ECA-8B4C-E15F80E360F0}.EasyTest|iPhoneSimulator.Build.0 = Release|iPhoneSimulator
		{23795792-BA01-4ECA-8B4C-E15F80E360F0}.EasyTest|x64.ActiveCfg = Release|iPhoneSimulator
		{23795792-BA01-4ECA-8B4C-E15F80E360F0}.EasyTest|x64.Build.0 = Release|iPhoneSimulator
		{23795792-BA01-4ECA-8B4C-E15F80E360F0}.EasyTest|x86.ActiveCfg = Release|iPhoneSimulator
		{23795792-BA01-4ECA-8B4C-E15F80E360F0}.EasyTest|x86.Build.0 = Release|iPhoneSimulator
		{23795792-BA01-4ECA-8B4C-E15F80E360F0}.Release|Any CPU.ActiveCfg = Release|iPhone
		{23795792-BA01-4ECA-8B4C-E15F80E360F0}.Release|ARM.ActiveCfg = Release|iPhoneSimulator
		{23795792-BA01-4ECA-8B4C-E15F80E360F0}.Release|iPhone.ActiveCfg = Release|iPhone
		{23795792-BA01-4ECA-8B4C-E15F80E360F0}.Release|iPhone.Build.0 = Release|iPhone
		{23795792-BA01-4ECA-8B4C-E15F80E360F0}.Release|iPhoneSimulator.ActiveCfg = Release|iPhoneSimulator
		{23795792-BA01-4ECA-8B4C-E15F80E360F0}.Release|iPhoneSimulator.Build.0 = Release|iPhoneSimulator
		{23795792-BA01-4ECA-8B4C-E15F80E360F0}.Release|x64.ActiveCfg = Release|iPhoneSimulator
		{23795792-BA01-4ECA-8B4C-E15F80E360F0}.Release|x86.ActiveCfg = Release|iPhoneSimulator
		{D86FAAEF-28E1-4DDA-85FC-CEB29B98156F}.Ad-Hoc|Any CPU.ActiveCfg = Release|Any CPU
		{D86FAAEF-28E1-4DDA-85FC-CEB29B98156F}.Ad-Hoc|Any CPU.Build.0 = Release|Any CPU
		{D86FAAEF-28E1-4DDA-85FC-CEB29B98156F}.Ad-Hoc|ARM.ActiveCfg = Release|Any CPU
		{D86FAAEF-28E1-4DDA-85FC-CEB29B98156F}.Ad-Hoc|ARM.Build.0 = Release|Any CPU
		{D86FAAEF-28E1-4DDA-85FC-CEB29B98156F}.Ad-Hoc|iPhone.ActiveCfg = Release|Any CPU
		{D86FAAEF-28E1-4DDA-85FC-CEB29B98156F}.Ad-Hoc|iPhone.Build.0 = Release|Any CPU
		{D86FAAEF-28E1-4DDA-85FC-CEB29B98156F}.Ad-Hoc|iPhoneSimulator.ActiveCfg = Release|Any CPU
		{D86FAAEF-28E1-4DDA-85FC-CEB29B98156F}.Ad-Hoc|iPhoneSimulator.Build.0 = Release|Any CPU
		{D86FAAEF-28E1-4DDA-85FC-CEB29B98156F}.Ad-Hoc|x64.ActiveCfg = Release|Any CPU
		{D86FAAEF-28E1-4DDA-85FC-CEB29B98156F}.Ad-Hoc|x64.Build.0 = Release|Any CPU
		{D86FAAEF-28E1-4DDA-85FC-CEB29B98156F}.Ad-Hoc|x86.ActiveCfg = Release|Any CPU
		{D86FAAEF-28E1-4DDA-85FC-CEB29B98156F}.Ad-Hoc|x86.Build.0 = Release|Any CPU
		{D86FAAEF-28E1-4DDA-85FC-CEB29B98156F}.AppStore|Any CPU.ActiveCfg = Release|Any CPU
		{D86FAAEF-28E1-4DDA-85FC-CEB29B98156F}.AppStore|Any CPU.Build.0 = Release|Any CPU
		{D86FAAEF-28E1-4DDA-85FC-CEB29B98156F}.AppStore|ARM.ActiveCfg = Release|Any CPU
		{D86FAAEF-28E1-4DDA-85FC-CEB29B98156F}.AppStore|ARM.Build.0 = Release|Any CPU
		{D86FAAEF-28E1-4DDA-85FC-CEB29B98156F}.AppStore|iPhone.ActiveCfg = Release|Any CPU
		{D86FAAEF-28E1-4DDA-85FC-CEB29B98156F}.AppStore|iPhone.Build.0 = Release|Any CPU
		{D86FAAEF-28E1-4DDA-85FC-CEB29B98156F}.AppStore|iPhoneSimulator.ActiveCfg = Release|Any CPU
		{D86FAAEF-28E1-4DDA-85FC-CEB29B98156F}.AppStore|iPhoneSimulator.Build.0 = Release|Any CPU
		{D86FAAEF-28E1-4DDA-85FC-CEB29B98156F}.AppStore|x64.ActiveCfg = Release|Any CPU
		{D86FAAEF-28E1-4DDA-85FC-CEB29B98156F}.AppStore|x64.Build.0 = Release|Any CPU
		{D86FAAEF-28E1-4DDA-85FC-CEB29B98156F}.AppStore|x86.ActiveCfg = Release|Any CPU
		{D86FAAEF-28E1-4DDA-85FC-CEB29B98156F}.AppStore|x86.Build.0 = Release|Any CPU
		{D86FAAEF-28E1-4DDA-85FC-CEB29B98156F}.Debug|Any CPU.ActiveCfg = Debug|Any CPU
		{D86FAAEF-28E1-4DDA-85FC-CEB29B98156F}.Debug|Any CPU.Build.0 = Debug|Any CPU
		{D86FAAEF-28E1-4DDA-85FC-CEB29B98156F}.Debug|ARM.ActiveCfg = Debug|Any CPU
		{D86FAAEF-28E1-4DDA-85FC-CEB29B98156F}.Debug|ARM.Build.0 = Debug|Any CPU
		{D86FAAEF-28E1-4DDA-85FC-CEB29B98156F}.Debug|iPhone.ActiveCfg = Debug|Any CPU
		{D86FAAEF-28E1-4DDA-85FC-CEB29B98156F}.Debug|iPhone.Build.0 = Debug|Any CPU
		{D86FAAEF-28E1-4DDA-85FC-CEB29B98156F}.Debug|iPhoneSimulator.ActiveCfg = Debug|Any CPU
		{D86FAAEF-28E1-4DDA-85FC-CEB29B98156F}.Debug|iPhoneSimulator.Build.0 = Debug|Any CPU
		{D86FAAEF-28E1-4DDA-85FC-CEB29B98156F}.Debug|x64.ActiveCfg = Debug|Any CPU
		{D86FAAEF-28E1-4DDA-85FC-CEB29B98156F}.Debug|x64.Build.0 = Debug|Any CPU
		{D86FAAEF-28E1-4DDA-85FC-CEB29B98156F}.Debug|x86.ActiveCfg = Debug|Any CPU
		{D86FAAEF-28E1-4DDA-85FC-CEB29B98156F}.Debug|x86.Build.0 = Debug|Any CPU
		{D86FAAEF-28E1-4DDA-85FC-CEB29B98156F}.EasyTest|Any CPU.ActiveCfg = Debug|Any CPU
		{D86FAAEF-28E1-4DDA-85FC-CEB29B98156F}.EasyTest|Any CPU.Build.0 = Debug|Any CPU
		{D86FAAEF-28E1-4DDA-85FC-CEB29B98156F}.EasyTest|ARM.ActiveCfg = Release|Any CPU
		{D86FAAEF-28E1-4DDA-85FC-CEB29B98156F}.EasyTest|ARM.Build.0 = Release|Any CPU
		{D86FAAEF-28E1-4DDA-85FC-CEB29B98156F}.EasyTest|iPhone.ActiveCfg = Debug|Any CPU
		{D86FAAEF-28E1-4DDA-85FC-CEB29B98156F}.EasyTest|iPhone.Build.0 = Debug|Any CPU
		{D86FAAEF-28E1-4DDA-85FC-CEB29B98156F}.EasyTest|iPhoneSimulator.ActiveCfg = Debug|Any CPU
		{D86FAAEF-28E1-4DDA-85FC-CEB29B98156F}.EasyTest|iPhoneSimulator.Build.0 = Debug|Any CPU
		{D86FAAEF-28E1-4DDA-85FC-CEB29B98156F}.EasyTest|x64.ActiveCfg = Release|Any CPU
		{D86FAAEF-28E1-4DDA-85FC-CEB29B98156F}.EasyTest|x64.Build.0 = Release|Any CPU
		{D86FAAEF-28E1-4DDA-85FC-CEB29B98156F}.EasyTest|x86.ActiveCfg = Release|Any CPU
		{D86FAAEF-28E1-4DDA-85FC-CEB29B98156F}.EasyTest|x86.Build.0 = Release|Any CPU
		{D86FAAEF-28E1-4DDA-85FC-CEB29B98156F}.Release|Any CPU.ActiveCfg = Release|Any CPU
		{D86FAAEF-28E1-4DDA-85FC-CEB29B98156F}.Release|Any CPU.Build.0 = Release|Any CPU
		{D86FAAEF-28E1-4DDA-85FC-CEB29B98156F}.Release|ARM.ActiveCfg = Release|Any CPU
		{D86FAAEF-28E1-4DDA-85FC-CEB29B98156F}.Release|ARM.Build.0 = Release|Any CPU
		{D86FAAEF-28E1-4DDA-85FC-CEB29B98156F}.Release|iPhone.ActiveCfg = Release|Any CPU
		{D86FAAEF-28E1-4DDA-85FC-CEB29B98156F}.Release|iPhone.Build.0 = Release|Any CPU
		{D86FAAEF-28E1-4DDA-85FC-CEB29B98156F}.Release|iPhoneSimulator.ActiveCfg = Release|Any CPU
		{D86FAAEF-28E1-4DDA-85FC-CEB29B98156F}.Release|iPhoneSimulator.Build.0 = Release|Any CPU
		{D86FAAEF-28E1-4DDA-85FC-CEB29B98156F}.Release|x64.ActiveCfg = Release|Any CPU
		{D86FAAEF-28E1-4DDA-85FC-CEB29B98156F}.Release|x64.Build.0 = Release|Any CPU
		{D86FAAEF-28E1-4DDA-85FC-CEB29B98156F}.Release|x86.ActiveCfg = Release|Any CPU
		{D86FAAEF-28E1-4DDA-85FC-CEB29B98156F}.Release|x86.Build.0 = Release|Any CPU
		{5691D131-9800-4A01-95DF-1EBC09A563F3}.Ad-Hoc|Any CPU.ActiveCfg = Release|Any CPU
		{5691D131-9800-4A01-95DF-1EBC09A563F3}.Ad-Hoc|Any CPU.Build.0 = Release|Any CPU
		{5691D131-9800-4A01-95DF-1EBC09A563F3}.Ad-Hoc|ARM.ActiveCfg = Release|Any CPU
		{5691D131-9800-4A01-95DF-1EBC09A563F3}.Ad-Hoc|ARM.Build.0 = Release|Any CPU
		{5691D131-9800-4A01-95DF-1EBC09A563F3}.Ad-Hoc|iPhone.ActiveCfg = Release|Any CPU
		{5691D131-9800-4A01-95DF-1EBC09A563F3}.Ad-Hoc|iPhone.Build.0 = Release|Any CPU
		{5691D131-9800-4A01-95DF-1EBC09A563F3}.Ad-Hoc|iPhoneSimulator.ActiveCfg = Release|Any CPU
		{5691D131-9800-4A01-95DF-1EBC09A563F3}.Ad-Hoc|iPhoneSimulator.Build.0 = Release|Any CPU
		{5691D131-9800-4A01-95DF-1EBC09A563F3}.Ad-Hoc|x64.ActiveCfg = Release|Any CPU
		{5691D131-9800-4A01-95DF-1EBC09A563F3}.Ad-Hoc|x64.Build.0 = Release|Any CPU
		{5691D131-9800-4A01-95DF-1EBC09A563F3}.Ad-Hoc|x86.ActiveCfg = Release|Any CPU
		{5691D131-9800-4A01-95DF-1EBC09A563F3}.Ad-Hoc|x86.Build.0 = Release|Any CPU
		{5691D131-9800-4A01-95DF-1EBC09A563F3}.AppStore|Any CPU.ActiveCfg = Release|Any CPU
		{5691D131-9800-4A01-95DF-1EBC09A563F3}.AppStore|Any CPU.Build.0 = Release|Any CPU
		{5691D131-9800-4A01-95DF-1EBC09A563F3}.AppStore|ARM.ActiveCfg = Release|Any CPU
		{5691D131-9800-4A01-95DF-1EBC09A563F3}.AppStore|ARM.Build.0 = Release|Any CPU
		{5691D131-9800-4A01-95DF-1EBC09A563F3}.AppStore|iPhone.ActiveCfg = Release|Any CPU
		{5691D131-9800-4A01-95DF-1EBC09A563F3}.AppStore|iPhone.Build.0 = Release|Any CPU
		{5691D131-9800-4A01-95DF-1EBC09A563F3}.AppStore|iPhoneSimulator.ActiveCfg = Release|Any CPU
		{5691D131-9800-4A01-95DF-1EBC09A563F3}.AppStore|iPhoneSimulator.Build.0 = Release|Any CPU
		{5691D131-9800-4A01-95DF-1EBC09A563F3}.AppStore|x64.ActiveCfg = Release|Any CPU
		{5691D131-9800-4A01-95DF-1EBC09A563F3}.AppStore|x64.Build.0 = Release|Any CPU
		{5691D131-9800-4A01-95DF-1EBC09A563F3}.AppStore|x86.ActiveCfg = Release|Any CPU
		{5691D131-9800-4A01-95DF-1EBC09A563F3}.AppStore|x86.Build.0 = Release|Any CPU
		{5691D131-9800-4A01-95DF-1EBC09A563F3}.Debug|Any CPU.ActiveCfg = Debug|Any CPU
		{5691D131-9800-4A01-95DF-1EBC09A563F3}.Debug|Any CPU.Build.0 = Debug|Any CPU
		{5691D131-9800-4A01-95DF-1EBC09A563F3}.Debug|ARM.ActiveCfg = Debug|Any CPU
		{5691D131-9800-4A01-95DF-1EBC09A563F3}.Debug|ARM.Build.0 = Debug|Any CPU
		{5691D131-9800-4A01-95DF-1EBC09A563F3}.Debug|iPhone.ActiveCfg = Debug|Any CPU
		{5691D131-9800-4A01-95DF-1EBC09A563F3}.Debug|iPhone.Build.0 = Debug|Any CPU
		{5691D131-9800-4A01-95DF-1EBC09A563F3}.Debug|iPhoneSimulator.ActiveCfg = Debug|Any CPU
		{5691D131-9800-4A01-95DF-1EBC09A563F3}.Debug|iPhoneSimulator.Build.0 = Debug|Any CPU
		{5691D131-9800-4A01-95DF-1EBC09A563F3}.Debug|x64.ActiveCfg = Debug|Any CPU
		{5691D131-9800-4A01-95DF-1EBC09A563F3}.Debug|x64.Build.0 = Debug|Any CPU
		{5691D131-9800-4A01-95DF-1EBC09A563F3}.Debug|x86.ActiveCfg = Debug|Any CPU
		{5691D131-9800-4A01-95DF-1EBC09A563F3}.Debug|x86.Build.0 = Debug|Any CPU
		{5691D131-9800-4A01-95DF-1EBC09A563F3}.EasyTest|Any CPU.ActiveCfg = Debug|Any CPU
		{5691D131-9800-4A01-95DF-1EBC09A563F3}.EasyTest|Any CPU.Build.0 = Debug|Any CPU
		{5691D131-9800-4A01-95DF-1EBC09A563F3}.EasyTest|ARM.ActiveCfg = Release|Any CPU
		{5691D131-9800-4A01-95DF-1EBC09A563F3}.EasyTest|ARM.Build.0 = Release|Any CPU
		{5691D131-9800-4A01-95DF-1EBC09A563F3}.EasyTest|iPhone.ActiveCfg = Debug|Any CPU
		{5691D131-9800-4A01-95DF-1EBC09A563F3}.EasyTest|iPhone.Build.0 = Debug|Any CPU
		{5691D131-9800-4A01-95DF-1EBC09A563F3}.EasyTest|iPhoneSimulator.ActiveCfg = Debug|Any CPU
		{5691D131-9800-4A01-95DF-1EBC09A563F3}.EasyTest|iPhoneSimulator.Build.0 = Debug|Any CPU
		{5691D131-9800-4A01-95DF-1EBC09A563F3}.EasyTest|x64.ActiveCfg = Release|Any CPU
		{5691D131-9800-4A01-95DF-1EBC09A563F3}.EasyTest|x64.Build.0 = Release|Any CPU
		{5691D131-9800-4A01-95DF-1EBC09A563F3}.EasyTest|x86.ActiveCfg = Release|Any CPU
		{5691D131-9800-4A01-95DF-1EBC09A563F3}.EasyTest|x86.Build.0 = Release|Any CPU
		{5691D131-9800-4A01-95DF-1EBC09A563F3}.Release|Any CPU.ActiveCfg = Release|Any CPU
		{5691D131-9800-4A01-95DF-1EBC09A563F3}.Release|Any CPU.Build.0 = Release|Any CPU
		{5691D131-9800-4A01-95DF-1EBC09A563F3}.Release|ARM.ActiveCfg = Release|Any CPU
		{5691D131-9800-4A01-95DF-1EBC09A563F3}.Release|ARM.Build.0 = Release|Any CPU
		{5691D131-9800-4A01-95DF-1EBC09A563F3}.Release|iPhone.ActiveCfg = Release|Any CPU
		{5691D131-9800-4A01-95DF-1EBC09A563F3}.Release|iPhone.Build.0 = Release|Any CPU
		{5691D131-9800-4A01-95DF-1EBC09A563F3}.Release|iPhoneSimulator.ActiveCfg = Release|Any CPU
		{5691D131-9800-4A01-95DF-1EBC09A563F3}.Release|iPhoneSimulator.Build.0 = Release|Any CPU
		{5691D131-9800-4A01-95DF-1EBC09A563F3}.Release|x64.ActiveCfg = Release|Any CPU
		{5691D131-9800-4A01-95DF-1EBC09A563F3}.Release|x64.Build.0 = Release|Any CPU
		{5691D131-9800-4A01-95DF-1EBC09A563F3}.Release|x86.ActiveCfg = Release|Any CPU
		{5691D131-9800-4A01-95DF-1EBC09A563F3}.Release|x86.Build.0 = Release|Any CPU
		{9BC640C8-9D56-4E8F-B098-278879C522AF}.Ad-Hoc|Any CPU.ActiveCfg = Release|Any CPU
		{9BC640C8-9D56-4E8F-B098-278879C522AF}.Ad-Hoc|Any CPU.Build.0 = Release|Any CPU
		{9BC640C8-9D56-4E8F-B098-278879C522AF}.Ad-Hoc|ARM.ActiveCfg = Release|Any CPU
		{9BC640C8-9D56-4E8F-B098-278879C522AF}.Ad-Hoc|ARM.Build.0 = Release|Any CPU
		{9BC640C8-9D56-4E8F-B098-278879C522AF}.Ad-Hoc|iPhone.ActiveCfg = Release|Any CPU
		{9BC640C8-9D56-4E8F-B098-278879C522AF}.Ad-Hoc|iPhone.Build.0 = Release|Any CPU
		{9BC640C8-9D56-4E8F-B098-278879C522AF}.Ad-Hoc|iPhoneSimulator.ActiveCfg = Release|Any CPU
		{9BC640C8-9D56-4E8F-B098-278879C522AF}.Ad-Hoc|iPhoneSimulator.Build.0 = Release|Any CPU
		{9BC640C8-9D56-4E8F-B098-278879C522AF}.Ad-Hoc|x64.ActiveCfg = Release|Any CPU
		{9BC640C8-9D56-4E8F-B098-278879C522AF}.Ad-Hoc|x64.Build.0 = Release|Any CPU
		{9BC640C8-9D56-4E8F-B098-278879C522AF}.Ad-Hoc|x86.ActiveCfg = Release|Any CPU
		{9BC640C8-9D56-4E8F-B098-278879C522AF}.Ad-Hoc|x86.Build.0 = Release|Any CPU
		{9BC640C8-9D56-4E8F-B098-278879C522AF}.AppStore|Any CPU.ActiveCfg = Release|Any CPU
		{9BC640C8-9D56-4E8F-B098-278879C522AF}.AppStore|Any CPU.Build.0 = Release|Any CPU
		{9BC640C8-9D56-4E8F-B098-278879C522AF}.AppStore|ARM.ActiveCfg = Release|Any CPU
		{9BC640C8-9D56-4E8F-B098-278879C522AF}.AppStore|ARM.Build.0 = Release|Any CPU
		{9BC640C8-9D56-4E8F-B098-278879C522AF}.AppStore|iPhone.ActiveCfg = Release|Any CPU
		{9BC640C8-9D56-4E8F-B098-278879C522AF}.AppStore|iPhone.Build.0 = Release|Any CPU
		{9BC640C8-9D56-4E8F-B098-278879C522AF}.AppStore|iPhoneSimulator.ActiveCfg = Release|Any CPU
		{9BC640C8-9D56-4E8F-B098-278879C522AF}.AppStore|iPhoneSimulator.Build.0 = Release|Any CPU
		{9BC640C8-9D56-4E8F-B098-278879C522AF}.AppStore|x64.ActiveCfg = Release|Any CPU
		{9BC640C8-9D56-4E8F-B098-278879C522AF}.AppStore|x64.Build.0 = Release|Any CPU
		{9BC640C8-9D56-4E8F-B098-278879C522AF}.AppStore|x86.ActiveCfg = Release|Any CPU
		{9BC640C8-9D56-4E8F-B098-278879C522AF}.AppStore|x86.Build.0 = Release|Any CPU
		{9BC640C8-9D56-4E8F-B098-278879C522AF}.Debug|Any CPU.ActiveCfg = Debug|Any CPU
		{9BC640C8-9D56-4E8F-B098-278879C522AF}.Debug|Any CPU.Build.0 = Debug|Any CPU
		{9BC640C8-9D56-4E8F-B098-278879C522AF}.Debug|ARM.ActiveCfg = Debug|Any CPU
		{9BC640C8-9D56-4E8F-B098-278879C522AF}.Debug|ARM.Build.0 = Debug|Any CPU
		{9BC640C8-9D56-4E8F-B098-278879C522AF}.Debug|iPhone.ActiveCfg = Debug|Any CPU
		{9BC640C8-9D56-4E8F-B098-278879C522AF}.Debug|iPhone.Build.0 = Debug|Any CPU
		{9BC640C8-9D56-4E8F-B098-278879C522AF}.Debug|iPhoneSimulator.ActiveCfg = Debug|Any CPU
		{9BC640C8-9D56-4E8F-B098-278879C522AF}.Debug|iPhoneSimulator.Build.0 = Debug|Any CPU
		{9BC640C8-9D56-4E8F-B098-278879C522AF}.Debug|x64.ActiveCfg = Debug|Any CPU
		{9BC640C8-9D56-4E8F-B098-278879C522AF}.Debug|x64.Build.0 = Debug|Any CPU
		{9BC640C8-9D56-4E8F-B098-278879C522AF}.Debug|x86.ActiveCfg = Debug|Any CPU
		{9BC640C8-9D56-4E8F-B098-278879C522AF}.Debug|x86.Build.0 = Debug|Any CPU
		{9BC640C8-9D56-4E8F-B098-278879C522AF}.EasyTest|Any CPU.ActiveCfg = Debug|Any CPU
		{9BC640C8-9D56-4E8F-B098-278879C522AF}.EasyTest|Any CPU.Build.0 = Debug|Any CPU
		{9BC640C8-9D56-4E8F-B098-278879C522AF}.EasyTest|ARM.ActiveCfg = Release|Any CPU
		{9BC640C8-9D56-4E8F-B098-278879C522AF}.EasyTest|ARM.Build.0 = Release|Any CPU
		{9BC640C8-9D56-4E8F-B098-278879C522AF}.EasyTest|iPhone.ActiveCfg = Debug|Any CPU
		{9BC640C8-9D56-4E8F-B098-278879C522AF}.EasyTest|iPhone.Build.0 = Debug|Any CPU
		{9BC640C8-9D56-4E8F-B098-278879C522AF}.EasyTest|iPhoneSimulator.ActiveCfg = Debug|Any CPU
		{9BC640C8-9D56-4E8F-B098-278879C522AF}.EasyTest|iPhoneSimulator.Build.0 = Debug|Any CPU
		{9BC640C8-9D56-4E8F-B098-278879C522AF}.EasyTest|x64.ActiveCfg = Release|Any CPU
		{9BC640C8-9D56-4E8F-B098-278879C522AF}.EasyTest|x64.Build.0 = Release|Any CPU
		{9BC640C8-9D56-4E8F-B098-278879C522AF}.EasyTest|x86.ActiveCfg = Release|Any CPU
		{9BC640C8-9D56-4E8F-B098-278879C522AF}.EasyTest|x86.Build.0 = Release|Any CPU
		{9BC640C8-9D56-4E8F-B098-278879C522AF}.Release|Any CPU.ActiveCfg = Release|Any CPU
		{9BC640C8-9D56-4E8F-B098-278879C522AF}.Release|Any CPU.Build.0 = Release|Any CPU
		{9BC640C8-9D56-4E8F-B098-278879C522AF}.Release|ARM.ActiveCfg = Release|Any CPU
		{9BC640C8-9D56-4E8F-B098-278879C522AF}.Release|ARM.Build.0 = Release|Any CPU
		{9BC640C8-9D56-4E8F-B098-278879C522AF}.Release|iPhone.ActiveCfg = Release|Any CPU
		{9BC640C8-9D56-4E8F-B098-278879C522AF}.Release|iPhone.Build.0 = Release|Any CPU
		{9BC640C8-9D56-4E8F-B098-278879C522AF}.Release|iPhoneSimulator.ActiveCfg = Release|Any CPU
		{9BC640C8-9D56-4E8F-B098-278879C522AF}.Release|iPhoneSimulator.Build.0 = Release|Any CPU
		{9BC640C8-9D56-4E8F-B098-278879C522AF}.Release|x64.ActiveCfg = Release|Any CPU
		{9BC640C8-9D56-4E8F-B098-278879C522AF}.Release|x64.Build.0 = Release|Any CPU
		{9BC640C8-9D56-4E8F-B098-278879C522AF}.Release|x86.ActiveCfg = Release|Any CPU
		{9BC640C8-9D56-4E8F-B098-278879C522AF}.Release|x86.Build.0 = Release|Any CPU
		{99622F4F-E9AA-463D-8B4D-B22EABFF2EED}.Ad-Hoc|Any CPU.ActiveCfg = Release|Any CPU
		{99622F4F-E9AA-463D-8B4D-B22EABFF2EED}.Ad-Hoc|Any CPU.Build.0 = Release|Any CPU
		{99622F4F-E9AA-463D-8B4D-B22EABFF2EED}.Ad-Hoc|Any CPU.Deploy.0 = Release|Any CPU
		{99622F4F-E9AA-463D-8B4D-B22EABFF2EED}.Ad-Hoc|ARM.ActiveCfg = Release|Any CPU
		{99622F4F-E9AA-463D-8B4D-B22EABFF2EED}.Ad-Hoc|ARM.Build.0 = Release|Any CPU
		{99622F4F-E9AA-463D-8B4D-B22EABFF2EED}.Ad-Hoc|ARM.Deploy.0 = Release|Any CPU
		{99622F4F-E9AA-463D-8B4D-B22EABFF2EED}.Ad-Hoc|iPhone.ActiveCfg = Release|Any CPU
		{99622F4F-E9AA-463D-8B4D-B22EABFF2EED}.Ad-Hoc|iPhone.Build.0 = Release|Any CPU
		{99622F4F-E9AA-463D-8B4D-B22EABFF2EED}.Ad-Hoc|iPhone.Deploy.0 = Release|Any CPU
		{99622F4F-E9AA-463D-8B4D-B22EABFF2EED}.Ad-Hoc|iPhoneSimulator.ActiveCfg = Release|Any CPU
		{99622F4F-E9AA-463D-8B4D-B22EABFF2EED}.Ad-Hoc|iPhoneSimulator.Build.0 = Release|Any CPU
		{99622F4F-E9AA-463D-8B4D-B22EABFF2EED}.Ad-Hoc|iPhoneSimulator.Deploy.0 = Release|Any CPU
		{99622F4F-E9AA-463D-8B4D-B22EABFF2EED}.Ad-Hoc|x64.ActiveCfg = Release|Any CPU
		{99622F4F-E9AA-463D-8B4D-B22EABFF2EED}.Ad-Hoc|x64.Build.0 = Release|Any CPU
		{99622F4F-E9AA-463D-8B4D-B22EABFF2EED}.Ad-Hoc|x64.Deploy.0 = Release|Any CPU
		{99622F4F-E9AA-463D-8B4D-B22EABFF2EED}.Ad-Hoc|x86.ActiveCfg = Release|Any CPU
		{99622F4F-E9AA-463D-8B4D-B22EABFF2EED}.Ad-Hoc|x86.Build.0 = Release|Any CPU
		{99622F4F-E9AA-463D-8B4D-B22EABFF2EED}.Ad-Hoc|x86.Deploy.0 = Release|Any CPU
		{99622F4F-E9AA-463D-8B4D-B22EABFF2EED}.AppStore|Any CPU.ActiveCfg = Release|Any CPU
		{99622F4F-E9AA-463D-8B4D-B22EABFF2EED}.AppStore|Any CPU.Build.0 = Release|Any CPU
		{99622F4F-E9AA-463D-8B4D-B22EABFF2EED}.AppStore|Any CPU.Deploy.0 = Release|Any CPU
		{99622F4F-E9AA-463D-8B4D-B22EABFF2EED}.AppStore|ARM.ActiveCfg = Release|Any CPU
		{99622F4F-E9AA-463D-8B4D-B22EABFF2EED}.AppStore|ARM.Build.0 = Release|Any CPU
		{99622F4F-E9AA-463D-8B4D-B22EABFF2EED}.AppStore|ARM.Deploy.0 = Release|Any CPU
		{99622F4F-E9AA-463D-8B4D-B22EABFF2EED}.AppStore|iPhone.ActiveCfg = Release|Any CPU
		{99622F4F-E9AA-463D-8B4D-B22EABFF2EED}.AppStore|iPhone.Build.0 = Release|Any CPU
		{99622F4F-E9AA-463D-8B4D-B22EABFF2EED}.AppStore|iPhone.Deploy.0 = Release|Any CPU
		{99622F4F-E9AA-463D-8B4D-B22EABFF2EED}.AppStore|iPhoneSimulator.ActiveCfg = Release|Any CPU
		{99622F4F-E9AA-463D-8B4D-B22EABFF2EED}.AppStore|iPhoneSimulator.Build.0 = Release|Any CPU
		{99622F4F-E9AA-463D-8B4D-B22EABFF2EED}.AppStore|iPhoneSimulator.Deploy.0 = Release|Any CPU
		{99622F4F-E9AA-463D-8B4D-B22EABFF2EED}.AppStore|x64.ActiveCfg = Release|Any CPU
		{99622F4F-E9AA-463D-8B4D-B22EABFF2EED}.AppStore|x64.Build.0 = Release|Any CPU
		{99622F4F-E9AA-463D-8B4D-B22EABFF2EED}.AppStore|x64.Deploy.0 = Release|Any CPU
		{99622F4F-E9AA-463D-8B4D-B22EABFF2EED}.AppStore|x86.ActiveCfg = Release|Any CPU
		{99622F4F-E9AA-463D-8B4D-B22EABFF2EED}.AppStore|x86.Build.0 = Release|Any CPU
		{99622F4F-E9AA-463D-8B4D-B22EABFF2EED}.AppStore|x86.Deploy.0 = Release|Any CPU
		{99622F4F-E9AA-463D-8B4D-B22EABFF2EED}.Debug|Any CPU.ActiveCfg = Debug|Any CPU
		{99622F4F-E9AA-463D-8B4D-B22EABFF2EED}.Debug|Any CPU.Build.0 = Debug|Any CPU
		{99622F4F-E9AA-463D-8B4D-B22EABFF2EED}.Debug|Any CPU.Deploy.0 = Debug|Any CPU
		{99622F4F-E9AA-463D-8B4D-B22EABFF2EED}.Debug|ARM.ActiveCfg = Debug|Any CPU
		{99622F4F-E9AA-463D-8B4D-B22EABFF2EED}.Debug|ARM.Build.0 = Debug|Any CPU
		{99622F4F-E9AA-463D-8B4D-B22EABFF2EED}.Debug|ARM.Deploy.0 = Debug|Any CPU
		{99622F4F-E9AA-463D-8B4D-B22EABFF2EED}.Debug|iPhone.ActiveCfg = Debug|Any CPU
		{99622F4F-E9AA-463D-8B4D-B22EABFF2EED}.Debug|iPhone.Build.0 = Debug|Any CPU
		{99622F4F-E9AA-463D-8B4D-B22EABFF2EED}.Debug|iPhone.Deploy.0 = Debug|Any CPU
		{99622F4F-E9AA-463D-8B4D-B22EABFF2EED}.Debug|iPhoneSimulator.ActiveCfg = Debug|Any CPU
		{99622F4F-E9AA-463D-8B4D-B22EABFF2EED}.Debug|iPhoneSimulator.Build.0 = Debug|Any CPU
		{99622F4F-E9AA-463D-8B4D-B22EABFF2EED}.Debug|iPhoneSimulator.Deploy.0 = Debug|Any CPU
		{99622F4F-E9AA-463D-8B4D-B22EABFF2EED}.Debug|x64.ActiveCfg = Debug|Any CPU
		{99622F4F-E9AA-463D-8B4D-B22EABFF2EED}.Debug|x64.Build.0 = Debug|Any CPU
		{99622F4F-E9AA-463D-8B4D-B22EABFF2EED}.Debug|x64.Deploy.0 = Debug|Any CPU
		{99622F4F-E9AA-463D-8B4D-B22EABFF2EED}.Debug|x86.ActiveCfg = Debug|Any CPU
		{99622F4F-E9AA-463D-8B4D-B22EABFF2EED}.Debug|x86.Build.0 = Debug|Any CPU
		{99622F4F-E9AA-463D-8B4D-B22EABFF2EED}.Debug|x86.Deploy.0 = Debug|Any CPU
		{99622F4F-E9AA-463D-8B4D-B22EABFF2EED}.EasyTest|Any CPU.ActiveCfg = Release|Any CPU
		{99622F4F-E9AA-463D-8B4D-B22EABFF2EED}.EasyTest|Any CPU.Build.0 = Release|Any CPU
		{99622F4F-E9AA-463D-8B4D-B22EABFF2EED}.EasyTest|Any CPU.Deploy.0 = Release|Any CPU
		{99622F4F-E9AA-463D-8B4D-B22EABFF2EED}.EasyTest|ARM.ActiveCfg = Release|Any CPU
		{99622F4F-E9AA-463D-8B4D-B22EABFF2EED}.EasyTest|ARM.Build.0 = Release|Any CPU
		{99622F4F-E9AA-463D-8B4D-B22EABFF2EED}.EasyTest|ARM.Deploy.0 = Release|Any CPU
		{99622F4F-E9AA-463D-8B4D-B22EABFF2EED}.EasyTest|iPhone.ActiveCfg = Release|Any CPU
		{99622F4F-E9AA-463D-8B4D-B22EABFF2EED}.EasyTest|iPhone.Build.0 = Release|Any CPU
		{99622F4F-E9AA-463D-8B4D-B22EABFF2EED}.EasyTest|iPhone.Deploy.0 = Release|Any CPU
		{99622F4F-E9AA-463D-8B4D-B22EABFF2EED}.EasyTest|iPhoneSimulator.ActiveCfg = Release|Any CPU
		{99622F4F-E9AA-463D-8B4D-B22EABFF2EED}.EasyTest|iPhoneSimulator.Build.0 = Release|Any CPU
		{99622F4F-E9AA-463D-8B4D-B22EABFF2EED}.EasyTest|iPhoneSimulator.Deploy.0 = Release|Any CPU
		{99622F4F-E9AA-463D-8B4D-B22EABFF2EED}.EasyTest|x64.ActiveCfg = Release|Any CPU
		{99622F4F-E9AA-463D-8B4D-B22EABFF2EED}.EasyTest|x64.Build.0 = Release|Any CPU
		{99622F4F-E9AA-463D-8B4D-B22EABFF2EED}.EasyTest|x64.Deploy.0 = Release|Any CPU
		{99622F4F-E9AA-463D-8B4D-B22EABFF2EED}.EasyTest|x86.ActiveCfg = Release|Any CPU
		{99622F4F-E9AA-463D-8B4D-B22EABFF2EED}.EasyTest|x86.Build.0 = Release|Any CPU
		{99622F4F-E9AA-463D-8B4D-B22EABFF2EED}.EasyTest|x86.Deploy.0 = Release|Any CPU
		{99622F4F-E9AA-463D-8B4D-B22EABFF2EED}.Release|Any CPU.ActiveCfg = Release|Any CPU
		{99622F4F-E9AA-463D-8B4D-B22EABFF2EED}.Release|Any CPU.Build.0 = Release|Any CPU
		{99622F4F-E9AA-463D-8B4D-B22EABFF2EED}.Release|Any CPU.Deploy.0 = Release|Any CPU
		{99622F4F-E9AA-463D-8B4D-B22EABFF2EED}.Release|ARM.ActiveCfg = Release|Any CPU
		{99622F4F-E9AA-463D-8B4D-B22EABFF2EED}.Release|ARM.Build.0 = Release|Any CPU
		{99622F4F-E9AA-463D-8B4D-B22EABFF2EED}.Release|ARM.Deploy.0 = Release|Any CPU
		{99622F4F-E9AA-463D-8B4D-B22EABFF2EED}.Release|iPhone.ActiveCfg = Release|Any CPU
		{99622F4F-E9AA-463D-8B4D-B22EABFF2EED}.Release|iPhone.Build.0 = Release|Any CPU
		{99622F4F-E9AA-463D-8B4D-B22EABFF2EED}.Release|iPhone.Deploy.0 = Release|Any CPU
		{99622F4F-E9AA-463D-8B4D-B22EABFF2EED}.Release|iPhoneSimulator.ActiveCfg = Release|Any CPU
		{99622F4F-E9AA-463D-8B4D-B22EABFF2EED}.Release|iPhoneSimulator.Build.0 = Release|Any CPU
		{99622F4F-E9AA-463D-8B4D-B22EABFF2EED}.Release|iPhoneSimulator.Deploy.0 = Release|Any CPU
		{99622F4F-E9AA-463D-8B4D-B22EABFF2EED}.Release|x64.ActiveCfg = Release|Any CPU
		{99622F4F-E9AA-463D-8B4D-B22EABFF2EED}.Release|x64.Build.0 = Release|Any CPU
		{99622F4F-E9AA-463D-8B4D-B22EABFF2EED}.Release|x64.Deploy.0 = Release|Any CPU
		{99622F4F-E9AA-463D-8B4D-B22EABFF2EED}.Release|x86.ActiveCfg = Release|Any CPU
		{99622F4F-E9AA-463D-8B4D-B22EABFF2EED}.Release|x86.Build.0 = Release|Any CPU
		{99622F4F-E9AA-463D-8B4D-B22EABFF2EED}.Release|x86.Deploy.0 = Release|Any CPU
		{A1DA01EE-8C81-4FBB-B4BC-5CDE46CF7043}.Ad-Hoc|Any CPU.ActiveCfg = Ad-Hoc|iPhone
		{A1DA01EE-8C81-4FBB-B4BC-5CDE46CF7043}.Ad-Hoc|ARM.ActiveCfg = Ad-Hoc|iPhone
		{A1DA01EE-8C81-4FBB-B4BC-5CDE46CF7043}.Ad-Hoc|iPhone.ActiveCfg = Ad-Hoc|iPhone
		{A1DA01EE-8C81-4FBB-B4BC-5CDE46CF7043}.Ad-Hoc|iPhone.Build.0 = Ad-Hoc|iPhone
		{A1DA01EE-8C81-4FBB-B4BC-5CDE46CF7043}.Ad-Hoc|iPhoneSimulator.ActiveCfg = Ad-Hoc|iPhoneSimulator
		{A1DA01EE-8C81-4FBB-B4BC-5CDE46CF7043}.Ad-Hoc|iPhoneSimulator.Build.0 = Ad-Hoc|iPhoneSimulator
		{A1DA01EE-8C81-4FBB-B4BC-5CDE46CF7043}.Ad-Hoc|x64.ActiveCfg = Ad-Hoc|iPhone
		{A1DA01EE-8C81-4FBB-B4BC-5CDE46CF7043}.Ad-Hoc|x86.ActiveCfg = Ad-Hoc|iPhone
		{A1DA01EE-8C81-4FBB-B4BC-5CDE46CF7043}.AppStore|Any CPU.ActiveCfg = AppStore|iPhone
		{A1DA01EE-8C81-4FBB-B4BC-5CDE46CF7043}.AppStore|ARM.ActiveCfg = AppStore|iPhone
		{A1DA01EE-8C81-4FBB-B4BC-5CDE46CF7043}.AppStore|iPhone.ActiveCfg = AppStore|iPhone
		{A1DA01EE-8C81-4FBB-B4BC-5CDE46CF7043}.AppStore|iPhone.Build.0 = AppStore|iPhone
		{A1DA01EE-8C81-4FBB-B4BC-5CDE46CF7043}.AppStore|iPhoneSimulator.ActiveCfg = AppStore|iPhoneSimulator
		{A1DA01EE-8C81-4FBB-B4BC-5CDE46CF7043}.AppStore|iPhoneSimulator.Build.0 = AppStore|iPhoneSimulator
		{A1DA01EE-8C81-4FBB-B4BC-5CDE46CF7043}.AppStore|x64.ActiveCfg = AppStore|iPhone
		{A1DA01EE-8C81-4FBB-B4BC-5CDE46CF7043}.AppStore|x86.ActiveCfg = AppStore|iPhone
		{A1DA01EE-8C81-4FBB-B4BC-5CDE46CF7043}.Debug|Any CPU.ActiveCfg = Debug|iPhone
		{A1DA01EE-8C81-4FBB-B4BC-5CDE46CF7043}.Debug|ARM.ActiveCfg = Debug|iPhone
		{A1DA01EE-8C81-4FBB-B4BC-5CDE46CF7043}.Debug|iPhone.ActiveCfg = Debug|iPhone
		{A1DA01EE-8C81-4FBB-B4BC-5CDE46CF7043}.Debug|iPhone.Build.0 = Debug|iPhone
		{A1DA01EE-8C81-4FBB-B4BC-5CDE46CF7043}.Debug|iPhoneSimulator.ActiveCfg = Debug|iPhoneSimulator
		{A1DA01EE-8C81-4FBB-B4BC-5CDE46CF7043}.Debug|iPhoneSimulator.Build.0 = Debug|iPhoneSimulator
		{A1DA01EE-8C81-4FBB-B4BC-5CDE46CF7043}.Debug|x64.ActiveCfg = Debug|iPhone
		{A1DA01EE-8C81-4FBB-B4BC-5CDE46CF7043}.Debug|x86.ActiveCfg = Debug|iPhone
		{A1DA01EE-8C81-4FBB-B4BC-5CDE46CF7043}.EasyTest|Any CPU.ActiveCfg = AppStore|iPhone
		{A1DA01EE-8C81-4FBB-B4BC-5CDE46CF7043}.EasyTest|Any CPU.Build.0 = AppStore|iPhone
		{A1DA01EE-8C81-4FBB-B4BC-5CDE46CF7043}.EasyTest|ARM.ActiveCfg = AppStore|iPhone
		{A1DA01EE-8C81-4FBB-B4BC-5CDE46CF7043}.EasyTest|ARM.Build.0 = AppStore|iPhone
		{A1DA01EE-8C81-4FBB-B4BC-5CDE46CF7043}.EasyTest|iPhone.ActiveCfg = AppStore|iPhone
		{A1DA01EE-8C81-4FBB-B4BC-5CDE46CF7043}.EasyTest|iPhone.Build.0 = AppStore|iPhone
		{A1DA01EE-8C81-4FBB-B4BC-5CDE46CF7043}.EasyTest|iPhoneSimulator.ActiveCfg = AppStore|iPhoneSimulator
		{A1DA01EE-8C81-4FBB-B4BC-5CDE46CF7043}.EasyTest|iPhoneSimulator.Build.0 = AppStore|iPhoneSimulator
		{A1DA01EE-8C81-4FBB-B4BC-5CDE46CF7043}.EasyTest|x64.ActiveCfg = AppStore|iPhone
		{A1DA01EE-8C81-4FBB-B4BC-5CDE46CF7043}.EasyTest|x64.Build.0 = AppStore|iPhone
		{A1DA01EE-8C81-4FBB-B4BC-5CDE46CF7043}.EasyTest|x86.ActiveCfg = AppStore|iPhone
		{A1DA01EE-8C81-4FBB-B4BC-5CDE46CF7043}.EasyTest|x86.Build.0 = AppStore|iPhone
		{A1DA01EE-8C81-4FBB-B4BC-5CDE46CF7043}.Release|Any CPU.ActiveCfg = Release|iPhone
		{A1DA01EE-8C81-4FBB-B4BC-5CDE46CF7043}.Release|ARM.ActiveCfg = Release|iPhone
		{A1DA01EE-8C81-4FBB-B4BC-5CDE46CF7043}.Release|iPhone.ActiveCfg = Release|iPhone
		{A1DA01EE-8C81-4FBB-B4BC-5CDE46CF7043}.Release|iPhone.Build.0 = Release|iPhone
		{A1DA01EE-8C81-4FBB-B4BC-5CDE46CF7043}.Release|iPhoneSimulator.ActiveCfg = Release|iPhoneSimulator
		{A1DA01EE-8C81-4FBB-B4BC-5CDE46CF7043}.Release|iPhoneSimulator.Build.0 = Release|iPhoneSimulator
		{A1DA01EE-8C81-4FBB-B4BC-5CDE46CF7043}.Release|x64.ActiveCfg = Release|iPhone
		{A1DA01EE-8C81-4FBB-B4BC-5CDE46CF7043}.Release|x86.ActiveCfg = Release|iPhone
		{2C3715A0-B776-4D3F-BBFF-089D409D78FD}.Ad-Hoc|Any CPU.ActiveCfg = Release|x64
		{2C3715A0-B776-4D3F-BBFF-089D409D78FD}.Ad-Hoc|Any CPU.Build.0 = Release|x64
		{2C3715A0-B776-4D3F-BBFF-089D409D78FD}.Ad-Hoc|Any CPU.Deploy.0 = Release|x64
		{2C3715A0-B776-4D3F-BBFF-089D409D78FD}.Ad-Hoc|ARM.ActiveCfg = Release|ARM
		{2C3715A0-B776-4D3F-BBFF-089D409D78FD}.Ad-Hoc|ARM.Build.0 = Release|ARM
		{2C3715A0-B776-4D3F-BBFF-089D409D78FD}.Ad-Hoc|ARM.Deploy.0 = Release|ARM
		{2C3715A0-B776-4D3F-BBFF-089D409D78FD}.Ad-Hoc|iPhone.ActiveCfg = Release|x64
		{2C3715A0-B776-4D3F-BBFF-089D409D78FD}.Ad-Hoc|iPhone.Build.0 = Release|x64
		{2C3715A0-B776-4D3F-BBFF-089D409D78FD}.Ad-Hoc|iPhone.Deploy.0 = Release|x64
		{2C3715A0-B776-4D3F-BBFF-089D409D78FD}.Ad-Hoc|iPhoneSimulator.ActiveCfg = Release|x64
		{2C3715A0-B776-4D3F-BBFF-089D409D78FD}.Ad-Hoc|iPhoneSimulator.Build.0 = Release|x64
		{2C3715A0-B776-4D3F-BBFF-089D409D78FD}.Ad-Hoc|iPhoneSimulator.Deploy.0 = Release|x64
		{2C3715A0-B776-4D3F-BBFF-089D409D78FD}.Ad-Hoc|x64.ActiveCfg = Release|x64
		{2C3715A0-B776-4D3F-BBFF-089D409D78FD}.Ad-Hoc|x64.Build.0 = Release|x64
		{2C3715A0-B776-4D3F-BBFF-089D409D78FD}.Ad-Hoc|x64.Deploy.0 = Release|x64
		{2C3715A0-B776-4D3F-BBFF-089D409D78FD}.Ad-Hoc|x86.ActiveCfg = Release|x86
		{2C3715A0-B776-4D3F-BBFF-089D409D78FD}.Ad-Hoc|x86.Build.0 = Release|x86
		{2C3715A0-B776-4D3F-BBFF-089D409D78FD}.Ad-Hoc|x86.Deploy.0 = Release|x86
		{2C3715A0-B776-4D3F-BBFF-089D409D78FD}.AppStore|Any CPU.ActiveCfg = Release|x64
		{2C3715A0-B776-4D3F-BBFF-089D409D78FD}.AppStore|Any CPU.Build.0 = Release|x64
		{2C3715A0-B776-4D3F-BBFF-089D409D78FD}.AppStore|Any CPU.Deploy.0 = Release|x64
		{2C3715A0-B776-4D3F-BBFF-089D409D78FD}.AppStore|ARM.ActiveCfg = Release|ARM
		{2C3715A0-B776-4D3F-BBFF-089D409D78FD}.AppStore|ARM.Build.0 = Release|ARM
		{2C3715A0-B776-4D3F-BBFF-089D409D78FD}.AppStore|ARM.Deploy.0 = Release|ARM
		{2C3715A0-B776-4D3F-BBFF-089D409D78FD}.AppStore|iPhone.ActiveCfg = Release|x64
		{2C3715A0-B776-4D3F-BBFF-089D409D78FD}.AppStore|iPhone.Build.0 = Release|x64
		{2C3715A0-B776-4D3F-BBFF-089D409D78FD}.AppStore|iPhone.Deploy.0 = Release|x64
		{2C3715A0-B776-4D3F-BBFF-089D409D78FD}.AppStore|iPhoneSimulator.ActiveCfg = Release|x64
		{2C3715A0-B776-4D3F-BBFF-089D409D78FD}.AppStore|iPhoneSimulator.Build.0 = Release|x64
		{2C3715A0-B776-4D3F-BBFF-089D409D78FD}.AppStore|iPhoneSimulator.Deploy.0 = Release|x64
		{2C3715A0-B776-4D3F-BBFF-089D409D78FD}.AppStore|x64.ActiveCfg = Release|x64
		{2C3715A0-B776-4D3F-BBFF-089D409D78FD}.AppStore|x64.Build.0 = Release|x64
		{2C3715A0-B776-4D3F-BBFF-089D409D78FD}.AppStore|x64.Deploy.0 = Release|x64
		{2C3715A0-B776-4D3F-BBFF-089D409D78FD}.AppStore|x86.ActiveCfg = Release|x86
		{2C3715A0-B776-4D3F-BBFF-089D409D78FD}.AppStore|x86.Build.0 = Release|x86
		{2C3715A0-B776-4D3F-BBFF-089D409D78FD}.AppStore|x86.Deploy.0 = Release|x86
		{2C3715A0-B776-4D3F-BBFF-089D409D78FD}.Debug|Any CPU.ActiveCfg = Debug|x86
		{2C3715A0-B776-4D3F-BBFF-089D409D78FD}.Debug|ARM.ActiveCfg = Debug|ARM
		{2C3715A0-B776-4D3F-BBFF-089D409D78FD}.Debug|ARM.Build.0 = Debug|ARM
		{2C3715A0-B776-4D3F-BBFF-089D409D78FD}.Debug|ARM.Deploy.0 = Debug|ARM
		{2C3715A0-B776-4D3F-BBFF-089D409D78FD}.Debug|iPhone.ActiveCfg = Debug|x86
		{2C3715A0-B776-4D3F-BBFF-089D409D78FD}.Debug|iPhoneSimulator.ActiveCfg = Debug|x86
		{2C3715A0-B776-4D3F-BBFF-089D409D78FD}.Debug|x64.ActiveCfg = Debug|x64
		{2C3715A0-B776-4D3F-BBFF-089D409D78FD}.Debug|x64.Build.0 = Debug|x64
		{2C3715A0-B776-4D3F-BBFF-089D409D78FD}.Debug|x64.Deploy.0 = Debug|x64
		{2C3715A0-B776-4D3F-BBFF-089D409D78FD}.Debug|x86.ActiveCfg = Debug|x86
		{2C3715A0-B776-4D3F-BBFF-089D409D78FD}.Debug|x86.Build.0 = Debug|x86
		{2C3715A0-B776-4D3F-BBFF-089D409D78FD}.Debug|x86.Deploy.0 = Debug|x86
		{2C3715A0-B776-4D3F-BBFF-089D409D78FD}.EasyTest|Any CPU.ActiveCfg = Release|x64
		{2C3715A0-B776-4D3F-BBFF-089D409D78FD}.EasyTest|Any CPU.Build.0 = Release|x64
		{2C3715A0-B776-4D3F-BBFF-089D409D78FD}.EasyTest|Any CPU.Deploy.0 = Release|x64
		{2C3715A0-B776-4D3F-BBFF-089D409D78FD}.EasyTest|ARM.ActiveCfg = Release|ARM
		{2C3715A0-B776-4D3F-BBFF-089D409D78FD}.EasyTest|ARM.Build.0 = Release|ARM
		{2C3715A0-B776-4D3F-BBFF-089D409D78FD}.EasyTest|ARM.Deploy.0 = Release|ARM
		{2C3715A0-B776-4D3F-BBFF-089D409D78FD}.EasyTest|iPhone.ActiveCfg = Release|x64
		{2C3715A0-B776-4D3F-BBFF-089D409D78FD}.EasyTest|iPhone.Build.0 = Release|x64
		{2C3715A0-B776-4D3F-BBFF-089D409D78FD}.EasyTest|iPhone.Deploy.0 = Release|x64
		{2C3715A0-B776-4D3F-BBFF-089D409D78FD}.EasyTest|iPhoneSimulator.ActiveCfg = Release|x64
		{2C3715A0-B776-4D3F-BBFF-089D409D78FD}.EasyTest|iPhoneSimulator.Build.0 = Release|x64
		{2C3715A0-B776-4D3F-BBFF-089D409D78FD}.EasyTest|iPhoneSimulator.Deploy.0 = Release|x64
		{2C3715A0-B776-4D3F-BBFF-089D409D78FD}.EasyTest|x64.ActiveCfg = Release|x64
		{2C3715A0-B776-4D3F-BBFF-089D409D78FD}.EasyTest|x64.Build.0 = Release|x64
		{2C3715A0-B776-4D3F-BBFF-089D409D78FD}.EasyTest|x64.Deploy.0 = Release|x64
		{2C3715A0-B776-4D3F-BBFF-089D409D78FD}.EasyTest|x86.ActiveCfg = Release|x86
		{2C3715A0-B776-4D3F-BBFF-089D409D78FD}.EasyTest|x86.Build.0 = Release|x86
		{2C3715A0-B776-4D3F-BBFF-089D409D78FD}.EasyTest|x86.Deploy.0 = Release|x86
		{2C3715A0-B776-4D3F-BBFF-089D409D78FD}.Release|Any CPU.ActiveCfg = Release|x86
		{2C3715A0-B776-4D3F-BBFF-089D409D78FD}.Release|ARM.ActiveCfg = Release|ARM
		{2C3715A0-B776-4D3F-BBFF-089D409D78FD}.Release|ARM.Build.0 = Release|ARM
		{2C3715A0-B776-4D3F-BBFF-089D409D78FD}.Release|ARM.Deploy.0 = Release|ARM
		{2C3715A0-B776-4D3F-BBFF-089D409D78FD}.Release|iPhone.ActiveCfg = Release|x86
		{2C3715A0-B776-4D3F-BBFF-089D409D78FD}.Release|iPhoneSimulator.ActiveCfg = Release|x86
		{2C3715A0-B776-4D3F-BBFF-089D409D78FD}.Release|x64.ActiveCfg = Release|x64
		{2C3715A0-B776-4D3F-BBFF-089D409D78FD}.Release|x64.Build.0 = Release|x64
		{2C3715A0-B776-4D3F-BBFF-089D409D78FD}.Release|x64.Deploy.0 = Release|x64
		{2C3715A0-B776-4D3F-BBFF-089D409D78FD}.Release|x86.ActiveCfg = Release|x86
		{2C3715A0-B776-4D3F-BBFF-089D409D78FD}.Release|x86.Build.0 = Release|x86
		{2C3715A0-B776-4D3F-BBFF-089D409D78FD}.Release|x86.Deploy.0 = Release|x86
		{9E36FD04-0145-4F24-9CBB-2F7BCCFD6192}.Ad-Hoc|Any CPU.ActiveCfg = Debug|Any CPU
		{9E36FD04-0145-4F24-9CBB-2F7BCCFD6192}.Ad-Hoc|Any CPU.Build.0 = Debug|Any CPU
		{9E36FD04-0145-4F24-9CBB-2F7BCCFD6192}.Ad-Hoc|ARM.ActiveCfg = Debug|Any CPU
		{9E36FD04-0145-4F24-9CBB-2F7BCCFD6192}.Ad-Hoc|ARM.Build.0 = Debug|Any CPU
		{9E36FD04-0145-4F24-9CBB-2F7BCCFD6192}.Ad-Hoc|iPhone.ActiveCfg = Debug|Any CPU
		{9E36FD04-0145-4F24-9CBB-2F7BCCFD6192}.Ad-Hoc|iPhone.Build.0 = Debug|Any CPU
		{9E36FD04-0145-4F24-9CBB-2F7BCCFD6192}.Ad-Hoc|iPhoneSimulator.ActiveCfg = Debug|Any CPU
		{9E36FD04-0145-4F24-9CBB-2F7BCCFD6192}.Ad-Hoc|iPhoneSimulator.Build.0 = Debug|Any CPU
		{9E36FD04-0145-4F24-9CBB-2F7BCCFD6192}.Ad-Hoc|x64.ActiveCfg = Debug|Any CPU
		{9E36FD04-0145-4F24-9CBB-2F7BCCFD6192}.Ad-Hoc|x64.Build.0 = Debug|Any CPU
		{9E36FD04-0145-4F24-9CBB-2F7BCCFD6192}.Ad-Hoc|x86.ActiveCfg = Debug|Any CPU
		{9E36FD04-0145-4F24-9CBB-2F7BCCFD6192}.Ad-Hoc|x86.Build.0 = Debug|Any CPU
		{9E36FD04-0145-4F24-9CBB-2F7BCCFD6192}.AppStore|Any CPU.ActiveCfg = Debug|Any CPU
		{9E36FD04-0145-4F24-9CBB-2F7BCCFD6192}.AppStore|Any CPU.Build.0 = Debug|Any CPU
		{9E36FD04-0145-4F24-9CBB-2F7BCCFD6192}.AppStore|ARM.ActiveCfg = Debug|Any CPU
		{9E36FD04-0145-4F24-9CBB-2F7BCCFD6192}.AppStore|ARM.Build.0 = Debug|Any CPU
		{9E36FD04-0145-4F24-9CBB-2F7BCCFD6192}.AppStore|iPhone.ActiveCfg = Debug|Any CPU
		{9E36FD04-0145-4F24-9CBB-2F7BCCFD6192}.AppStore|iPhone.Build.0 = Debug|Any CPU
		{9E36FD04-0145-4F24-9CBB-2F7BCCFD6192}.AppStore|iPhoneSimulator.ActiveCfg = Debug|Any CPU
		{9E36FD04-0145-4F24-9CBB-2F7BCCFD6192}.AppStore|iPhoneSimulator.Build.0 = Debug|Any CPU
		{9E36FD04-0145-4F24-9CBB-2F7BCCFD6192}.AppStore|x64.ActiveCfg = Debug|Any CPU
		{9E36FD04-0145-4F24-9CBB-2F7BCCFD6192}.AppStore|x64.Build.0 = Debug|Any CPU
		{9E36FD04-0145-4F24-9CBB-2F7BCCFD6192}.AppStore|x86.ActiveCfg = Debug|Any CPU
		{9E36FD04-0145-4F24-9CBB-2F7BCCFD6192}.AppStore|x86.Build.0 = Debug|Any CPU
		{9E36FD04-0145-4F24-9CBB-2F7BCCFD6192}.Debug|Any CPU.ActiveCfg = Debug|Any CPU
		{9E36FD04-0145-4F24-9CBB-2F7BCCFD6192}.Debug|Any CPU.Build.0 = Debug|Any CPU
		{9E36FD04-0145-4F24-9CBB-2F7BCCFD6192}.Debug|ARM.ActiveCfg = Debug|Any CPU
		{9E36FD04-0145-4F24-9CBB-2F7BCCFD6192}.Debug|ARM.Build.0 = Debug|Any CPU
		{9E36FD04-0145-4F24-9CBB-2F7BCCFD6192}.Debug|iPhone.ActiveCfg = Debug|Any CPU
		{9E36FD04-0145-4F24-9CBB-2F7BCCFD6192}.Debug|iPhone.Build.0 = Debug|Any CPU
		{9E36FD04-0145-4F24-9CBB-2F7BCCFD6192}.Debug|iPhoneSimulator.ActiveCfg = Debug|Any CPU
		{9E36FD04-0145-4F24-9CBB-2F7BCCFD6192}.Debug|iPhoneSimulator.Build.0 = Debug|Any CPU
		{9E36FD04-0145-4F24-9CBB-2F7BCCFD6192}.Debug|x64.ActiveCfg = Debug|Any CPU
		{9E36FD04-0145-4F24-9CBB-2F7BCCFD6192}.Debug|x64.Build.0 = Debug|Any CPU
		{9E36FD04-0145-4F24-9CBB-2F7BCCFD6192}.Debug|x86.ActiveCfg = Debug|Any CPU
		{9E36FD04-0145-4F24-9CBB-2F7BCCFD6192}.Debug|x86.Build.0 = Debug|Any CPU
		{9E36FD04-0145-4F24-9CBB-2F7BCCFD6192}.EasyTest|Any CPU.ActiveCfg = Debug|Any CPU
		{9E36FD04-0145-4F24-9CBB-2F7BCCFD6192}.EasyTest|Any CPU.Build.0 = Debug|Any CPU
		{9E36FD04-0145-4F24-9CBB-2F7BCCFD6192}.EasyTest|ARM.ActiveCfg = Debug|Any CPU
		{9E36FD04-0145-4F24-9CBB-2F7BCCFD6192}.EasyTest|ARM.Build.0 = Debug|Any CPU
		{9E36FD04-0145-4F24-9CBB-2F7BCCFD6192}.EasyTest|iPhone.ActiveCfg = Debug|Any CPU
		{9E36FD04-0145-4F24-9CBB-2F7BCCFD6192}.EasyTest|iPhone.Build.0 = Debug|Any CPU
		{9E36FD04-0145-4F24-9CBB-2F7BCCFD6192}.EasyTest|iPhoneSimulator.ActiveCfg = Debug|Any CPU
		{9E36FD04-0145-4F24-9CBB-2F7BCCFD6192}.EasyTest|iPhoneSimulator.Build.0 = Debug|Any CPU
		{9E36FD04-0145-4F24-9CBB-2F7BCCFD6192}.EasyTest|x64.ActiveCfg = Debug|Any CPU
		{9E36FD04-0145-4F24-9CBB-2F7BCCFD6192}.EasyTest|x64.Build.0 = Debug|Any CPU
		{9E36FD04-0145-4F24-9CBB-2F7BCCFD6192}.EasyTest|x86.ActiveCfg = Debug|Any CPU
		{9E36FD04-0145-4F24-9CBB-2F7BCCFD6192}.EasyTest|x86.Build.0 = Debug|Any CPU
		{9E36FD04-0145-4F24-9CBB-2F7BCCFD6192}.Release|Any CPU.ActiveCfg = Release|Any CPU
		{9E36FD04-0145-4F24-9CBB-2F7BCCFD6192}.Release|Any CPU.Build.0 = Release|Any CPU
		{9E36FD04-0145-4F24-9CBB-2F7BCCFD6192}.Release|ARM.ActiveCfg = Release|Any CPU
		{9E36FD04-0145-4F24-9CBB-2F7BCCFD6192}.Release|ARM.Build.0 = Release|Any CPU
		{9E36FD04-0145-4F24-9CBB-2F7BCCFD6192}.Release|iPhone.ActiveCfg = Release|Any CPU
		{9E36FD04-0145-4F24-9CBB-2F7BCCFD6192}.Release|iPhone.Build.0 = Release|Any CPU
		{9E36FD04-0145-4F24-9CBB-2F7BCCFD6192}.Release|iPhoneSimulator.ActiveCfg = Release|Any CPU
		{9E36FD04-0145-4F24-9CBB-2F7BCCFD6192}.Release|iPhoneSimulator.Build.0 = Release|Any CPU
		{9E36FD04-0145-4F24-9CBB-2F7BCCFD6192}.Release|x64.ActiveCfg = Release|Any CPU
		{9E36FD04-0145-4F24-9CBB-2F7BCCFD6192}.Release|x64.Build.0 = Release|Any CPU
		{9E36FD04-0145-4F24-9CBB-2F7BCCFD6192}.Release|x86.ActiveCfg = Release|Any CPU
		{9E36FD04-0145-4F24-9CBB-2F7BCCFD6192}.Release|x86.Build.0 = Release|Any CPU
	EndGlobalSection
	GlobalSection(SolutionProperties) = preSolution
		HideSolutionNode = FALSE
	EndGlobalSection
	GlobalSection(NestedProjects) = preSolution
		{5F15837D-D1E5-44DC-92F0-4F2EBE9C3F8D} = {C47DA029-48D1-41F7-BA1B-176FF3D4A966}
		{0C729AAD-7626-4668-A7F1-35F7D240489D} = {C47DA029-48D1-41F7-BA1B-176FF3D4A966}
		{82A6DBC9-B1B4-44E4-9718-55DF930CD349} = {C47DA029-48D1-41F7-BA1B-176FF3D4A966}
		{7964F87D-BC5D-4C4E-8B2F-71E89739AA97} = {C47DA029-48D1-41F7-BA1B-176FF3D4A966}
		{D05D93DF-312D-4D4E-B980-726871EC7833} = {C47DA029-48D1-41F7-BA1B-176FF3D4A966}
		{A1782268-14F8-4BE1-9C67-EDA68342707B} = {D04E2DB6-D189-4F0F-92ED-B65013920396}
		{23795792-BA01-4ECA-8B4C-E15F80E360F0} = {D04E2DB6-D189-4F0F-92ED-B65013920396}
		{D86FAAEF-28E1-4DDA-85FC-CEB29B98156F} = {D04E2DB6-D189-4F0F-92ED-B65013920396}
		{6279C845-92F8-4333-AB99-3D213163593C} = {6BE911C1-DCD9-4B32-BA6F-5A7BCF5B2BD9}
		{99622F4F-E9AA-463D-8B4D-B22EABFF2EED} = {6BE911C1-DCD9-4B32-BA6F-5A7BCF5B2BD9}
		{A1DA01EE-8C81-4FBB-B4BC-5CDE46CF7043} = {6BE911C1-DCD9-4B32-BA6F-5A7BCF5B2BD9}
		{2C3715A0-B776-4D3F-BBFF-089D409D78FD} = {6BE911C1-DCD9-4B32-BA6F-5A7BCF5B2BD9}
		{9E36FD04-0145-4F24-9CBB-2F7BCCFD6192} = {6BE911C1-DCD9-4B32-BA6F-5A7BCF5B2BD9}
	EndGlobalSection
	GlobalSection(ExtensibilityGlobals) = postSolution
		SolutionGuid = {40A01A56-DCB5-44A1-8750-5705A6860F9A}
	EndGlobalSection
EndGlobal
