
Microsoft Visual Studio Solution File, Format Version 12.00
# Visual Studio Version 16
VisualStudioVersion = 16.0.29215.179
MinimumVisualStudioVersion = 10.0.40219.1
Project("{FAE04EC0-301F-11D3-BF4B-00C04F79EFBC}") = "RestDataStoreDemo.Module", "RestDataStoreDemo.Module\RestDataStoreDemo.Module.csproj", "{5F15837D-D1E5-44DC-92F0-4F2EBE9C3F8D}"
EndProject
Project("{FAE04EC0-301F-11D3-BF4B-00C04F79EFBC}") = "RestDataStoreDemo.Module.Web", "RestDataStoreDemo.Module.Web\RestDataStoreDemo.Module.Web.csproj", "{0C729AAD-7626-4668-A7F1-35F7D240489D}"
EndProject
Project("{FAE04EC0-301F-11D3-BF4B-00C04F79EFBC}") = "RestDataStoreDemo.Web", "RestDataStoreDemo.Web\RestDataStoreDemo.Web.csproj", "{82A6DBC9-B1B4-44E4-9718-55DF930CD349}"
EndProject
Project("{FAE04EC0-301F-11D3-BF4B-00C04F79EFBC}") = "RestDataStoreDemo.Module.Win", "RestDataStoreDemo.Module.Win\RestDataStoreDemo.Module.Win.csproj", "{7964F87D-BC5D-4C4E-8B2F-71E89739AA97}"
EndProject
Project("{FAE04EC0-301F-11D3-BF4B-00C04F79EFBC}") = "RestDataStoreDemo.Win", "RestDataStoreDemo.Win\RestDataStoreDemo.Win.csproj", "{D05D93DF-312D-4D4E-B980-726871EC7833}"
EndProject
Project("{2150E333-8FDC-42A3-9474-1A3956D46DE8}") = "XAF", "XAF", "{C47DA029-48D1-41F7-BA1B-176FF3D4A966}"
EndProject
Project("{FAE04EC0-301F-11D3-BF4B-00C04F79EFBC}") = "XfRestDataStoreDemo.Android", "XfRestDataStoreDemo\XfRestDataStoreDemo.Android\XfRestDataStoreDemo.Android.csproj", "{A1782268-14F8-4BE1-9C67-EDA68342707B}"
EndProject
Project("{FAE04EC0-301F-11D3-BF4B-00C04F79EFBC}") = "XfRestDataStoreDemo.iOS", "XfRestDataStoreDemo\XfRestDataStoreDemo.iOS\XfRestDataStoreDemo.iOS.csproj", "{23795792-BA01-4ECA-8B4C-E15F80E360F0}"
EndProject
Project("{FAE04EC0-301F-11D3-BF4B-00C04F79EFBC}") = "XfRestDataStoreDemo", "XfRestDataStoreDemo\XfRestDataStoreDemo\XfRestDataStoreDemo.csproj", "{D86FAAEF-28E1-4DDA-85FC-CEB29B98156F}"
EndProject
Project("{2150E333-8FDC-42A3-9474-1A3956D46DE8}") = "Xamarin", "Xamarin", "{D04E2DB6-D189-4F0F-92ED-B65013920396}"
EndProject
Project("{FAE04EC0-301F-11D3-BF4B-00C04F79EFBC}") = "ORM", "ORM\ORM.csproj", "{5691D131-9800-4A01-95DF-1EBC09A563F3}"
EndProject
Project("{FAE04EC0-301F-11D3-BF4B-00C04F79EFBC}") = "XpoServer", "XpoServer\XpoServer.csproj", "{9BC640C8-9D56-4E8F-B098-278879C522AF}"
EndProject
Global
	GlobalSection(SolutionConfigurationPlatforms) = preSolution
		Debug|Any CPU = Debug|Any CPU
		Debug|iPhone = Debug|iPhone
		Debug|iPhoneSimulator = Debug|iPhoneSimulator
		EasyTest|Any CPU = EasyTest|Any CPU
		EasyTest|iPhone = EasyTest|iPhone
		EasyTest|iPhoneSimulator = EasyTest|iPhoneSimulator
		Release|Any CPU = Release|Any CPU
		Release|iPhone = Release|iPhone
		Release|iPhoneSimulator = Release|iPhoneSimulator
	EndGlobalSection
	GlobalSection(ProjectConfigurationPlatforms) = postSolution
		{5F15837D-D1E5-44DC-92F0-4F2EBE9C3F8D}.Debug|Any CPU.ActiveCfg = Debug|Any CPU
		{5F15837D-D1E5-44DC-92F0-4F2EBE9C3F8D}.Debug|Any CPU.Build.0 = Debug|Any CPU
		{5F15837D-D1E5-44DC-92F0-4F2EBE9C3F8D}.Debug|iPhone.ActiveCfg = Debug|Any CPU
		{5F15837D-D1E5-44DC-92F0-4F2EBE9C3F8D}.Debug|iPhone.Build.0 = Debug|Any CPU
		{5F15837D-D1E5-44DC-92F0-4F2EBE9C3F8D}.Debug|iPhoneSimulator.ActiveCfg = Debug|Any CPU
		{5F15837D-D1E5-44DC-92F0-4F2EBE9C3F8D}.Debug|iPhoneSimulator.Build.0 = Debug|Any CPU
		{5F15837D-D1E5-44DC-92F0-4F2EBE9C3F8D}.EasyTest|Any CPU.ActiveCfg = EasyTest|Any CPU
		{5F15837D-D1E5-44DC-92F0-4F2EBE9C3F8D}.EasyTest|Any CPU.Build.0 = EasyTest|Any CPU
		{5F15837D-D1E5-44DC-92F0-4F2EBE9C3F8D}.EasyTest|iPhone.ActiveCfg = EasyTest|Any CPU
		{5F15837D-D1E5-44DC-92F0-4F2EBE9C3F8D}.EasyTest|iPhone.Build.0 = EasyTest|Any CPU
		{5F15837D-D1E5-44DC-92F0-4F2EBE9C3F8D}.EasyTest|iPhoneSimulator.ActiveCfg = EasyTest|Any CPU
		{5F15837D-D1E5-44DC-92F0-4F2EBE9C3F8D}.EasyTest|iPhoneSimulator.Build.0 = EasyTest|Any CPU
		{5F15837D-D1E5-44DC-92F0-4F2EBE9C3F8D}.Release|Any CPU.ActiveCfg = Release|Any CPU
		{5F15837D-D1E5-44DC-92F0-4F2EBE9C3F8D}.Release|Any CPU.Build.0 = Release|Any CPU
		{5F15837D-D1E5-44DC-92F0-4F2EBE9C3F8D}.Release|iPhone.ActiveCfg = Release|Any CPU
		{5F15837D-D1E5-44DC-92F0-4F2EBE9C3F8D}.Release|iPhone.Build.0 = Release|Any CPU
		{5F15837D-D1E5-44DC-92F0-4F2EBE9C3F8D}.Release|iPhoneSimulator.ActiveCfg = Release|Any CPU
		{5F15837D-D1E5-44DC-92F0-4F2EBE9C3F8D}.Release|iPhoneSimulator.Build.0 = Release|Any CPU
		{0C729AAD-7626-4668-A7F1-35F7D240489D}.Debug|Any CPU.ActiveCfg = Debug|Any CPU
		{0C729AAD-7626-4668-A7F1-35F7D240489D}.Debug|Any CPU.Build.0 = Debug|Any CPU
		{0C729AAD-7626-4668-A7F1-35F7D240489D}.Debug|iPhone.ActiveCfg = Debug|Any CPU
		{0C729AAD-7626-4668-A7F1-35F7D240489D}.Debug|iPhone.Build.0 = Debug|Any CPU
		{0C729AAD-7626-4668-A7F1-35F7D240489D}.Debug|iPhoneSimulator.ActiveCfg = Debug|Any CPU
		{0C729AAD-7626-4668-A7F1-35F7D240489D}.Debug|iPhoneSimulator.Build.0 = Debug|Any CPU
		{0C729AAD-7626-4668-A7F1-35F7D240489D}.EasyTest|Any CPU.ActiveCfg = EasyTest|Any CPU
		{0C729AAD-7626-4668-A7F1-35F7D240489D}.EasyTest|Any CPU.Build.0 = EasyTest|Any CPU
		{0C729AAD-7626-4668-A7F1-35F7D240489D}.EasyTest|iPhone.ActiveCfg = EasyTest|Any CPU
		{0C729AAD-7626-4668-A7F1-35F7D240489D}.EasyTest|iPhone.Build.0 = EasyTest|Any CPU
		{0C729AAD-7626-4668-A7F1-35F7D240489D}.EasyTest|iPhoneSimulator.ActiveCfg = EasyTest|Any CPU
		{0C729AAD-7626-4668-A7F1-35F7D240489D}.EasyTest|iPhoneSimulator.Build.0 = EasyTest|Any CPU
		{0C729AAD-7626-4668-A7F1-35F7D240489D}.Release|Any CPU.ActiveCfg = Release|Any CPU
		{0C729AAD-7626-4668-A7F1-35F7D240489D}.Release|Any CPU.Build.0 = Release|Any CPU
		{0C729AAD-7626-4668-A7F1-35F7D240489D}.Release|iPhone.ActiveCfg = Release|Any CPU
		{0C729AAD-7626-4668-A7F1-35F7D240489D}.Release|iPhone.Build.0 = Release|Any CPU
		{0C729AAD-7626-4668-A7F1-35F7D240489D}.Release|iPhoneSimulator.ActiveCfg = Release|Any CPU
		{0C729AAD-7626-4668-A7F1-35F7D240489D}.Release|iPhoneSimulator.Build.0 = Release|Any CPU
		{82A6DBC9-B1B4-44E4-9718-55DF930CD349}.Debug|Any CPU.ActiveCfg = Debug|Any CPU
		{82A6DBC9-B1B4-44E4-9718-55DF930CD349}.Debug|Any CPU.Build.0 = Debug|Any CPU
		{82A6DBC9-B1B4-44E4-9718-55DF930CD349}.Debug|iPhone.ActiveCfg = Debug|Any CPU
		{82A6DBC9-B1B4-44E4-9718-55DF930CD349}.Debug|iPhone.Build.0 = Debug|Any CPU
		{82A6DBC9-B1B4-44E4-9718-55DF930CD349}.Debug|iPhoneSimulator.ActiveCfg = Debug|Any CPU
		{82A6DBC9-B1B4-44E4-9718-55DF930CD349}.Debug|iPhoneSimulator.Build.0 = Debug|Any CPU
		{82A6DBC9-B1B4-44E4-9718-55DF930CD349}.EasyTest|Any CPU.ActiveCfg = EasyTest|Any CPU
		{82A6DBC9-B1B4-44E4-9718-55DF930CD349}.EasyTest|Any CPU.Build.0 = EasyTest|Any CPU
		{82A6DBC9-B1B4-44E4-9718-55DF930CD349}.EasyTest|iPhone.ActiveCfg = EasyTest|Any CPU
		{82A6DBC9-B1B4-44E4-9718-55DF930CD349}.EasyTest|iPhone.Build.0 = EasyTest|Any CPU
		{82A6DBC9-B1B4-44E4-9718-55DF930CD349}.EasyTest|iPhoneSimulator.ActiveCfg = EasyTest|Any CPU
		{82A6DBC9-B1B4-44E4-9718-55DF930CD349}.EasyTest|iPhoneSimulator.Build.0 = EasyTest|Any CPU
		{82A6DBC9-B1B4-44E4-9718-55DF930CD349}.Release|Any CPU.ActiveCfg = Release|Any CPU
		{82A6DBC9-B1B4-44E4-9718-55DF930CD349}.Release|Any CPU.Build.0 = Release|Any CPU
		{82A6DBC9-B1B4-44E4-9718-55DF930CD349}.Release|iPhone.ActiveCfg = Release|Any CPU
		{82A6DBC9-B1B4-44E4-9718-55DF930CD349}.Release|iPhone.Build.0 = Release|Any CPU
		{82A6DBC9-B1B4-44E4-9718-55DF930CD349}.Release|iPhoneSimulator.ActiveCfg = Release|Any CPU
		{82A6DBC9-B1B4-44E4-9718-55DF930CD349}.Release|iPhoneSimulator.Build.0 = Release|Any CPU
		{7964F87D-BC5D-4C4E-8B2F-71E89739AA97}.Debug|Any CPU.ActiveCfg = Debug|Any CPU
		{7964F87D-BC5D-4C4E-8B2F-71E89739AA97}.Debug|Any CPU.Build.0 = Debug|Any CPU
		{7964F87D-BC5D-4C4E-8B2F-71E89739AA97}.Debug|iPhone.ActiveCfg = Debug|Any CPU
		{7964F87D-BC5D-4C4E-8B2F-71E89739AA97}.Debug|iPhone.Build.0 = Debug|Any CPU
		{7964F87D-BC5D-4C4E-8B2F-71E89739AA97}.Debug|iPhoneSimulator.ActiveCfg = Debug|Any CPU
		{7964F87D-BC5D-4C4E-8B2F-71E89739AA97}.Debug|iPhoneSimulator.Build.0 = Debug|Any CPU
		{7964F87D-BC5D-4C4E-8B2F-71E89739AA97}.EasyTest|Any CPU.ActiveCfg = EasyTest|Any CPU
		{7964F87D-BC5D-4C4E-8B2F-71E89739AA97}.EasyTest|Any CPU.Build.0 = EasyTest|Any CPU
		{7964F87D-BC5D-4C4E-8B2F-71E89739AA97}.EasyTest|iPhone.ActiveCfg = EasyTest|Any CPU
		{7964F87D-BC5D-4C4E-8B2F-71E89739AA97}.EasyTest|iPhone.Build.0 = EasyTest|Any CPU
		{7964F87D-BC5D-4C4E-8B2F-71E89739AA97}.EasyTest|iPhoneSimulator.ActiveCfg = EasyTest|Any CPU
		{7964F87D-BC5D-4C4E-8B2F-71E89739AA97}.EasyTest|iPhoneSimulator.Build.0 = EasyTest|Any CPU
		{7964F87D-BC5D-4C4E-8B2F-71E89739AA97}.Release|Any CPU.ActiveCfg = Release|Any CPU
		{7964F87D-BC5D-4C4E-8B2F-71E89739AA97}.Release|Any CPU.Build.0 = Release|Any CPU
		{7964F87D-BC5D-4C4E-8B2F-71E89739AA97}.Release|iPhone.ActiveCfg = Release|Any CPU
		{7964F87D-BC5D-4C4E-8B2F-71E89739AA97}.Release|iPhone.Build.0 = Release|Any CPU
		{7964F87D-BC5D-4C4E-8B2F-71E89739AA97}.Release|iPhoneSimulator.ActiveCfg = Release|Any CPU
		{7964F87D-BC5D-4C4E-8B2F-71E89739AA97}.Release|iPhoneSimulator.Build.0 = Release|Any CPU
		{D05D93DF-312D-4D4E-B980-726871EC7833}.Debug|Any CPU.ActiveCfg = Debug|Any CPU
		{D05D93DF-312D-4D4E-B980-726871EC7833}.Debug|Any CPU.Build.0 = Debug|Any CPU
		{D05D93DF-312D-4D4E-B980-726871EC7833}.Debug|iPhone.ActiveCfg = Debug|Any CPU
		{D05D93DF-312D-4D4E-B980-726871EC7833}.Debug|iPhone.Build.0 = Debug|Any CPU
		{D05D93DF-312D-4D4E-B980-726871EC7833}.Debug|iPhoneSimulator.ActiveCfg = Debug|Any CPU
		{D05D93DF-312D-4D4E-B980-726871EC7833}.Debug|iPhoneSimulator.Build.0 = Debug|Any CPU
		{D05D93DF-312D-4D4E-B980-726871EC7833}.EasyTest|Any CPU.ActiveCfg = EasyTest|Any CPU
		{D05D93DF-312D-4D4E-B980-726871EC7833}.EasyTest|Any CPU.Build.0 = EasyTest|Any CPU
		{D05D93DF-312D-4D4E-B980-726871EC7833}.EasyTest|iPhone.ActiveCfg = EasyTest|Any CPU
		{D05D93DF-312D-4D4E-B980-726871EC7833}.EasyTest|iPhone.Build.0 = EasyTest|Any CPU
		{D05D93DF-312D-4D4E-B980-726871EC7833}.EasyTest|iPhoneSimulator.ActiveCfg = EasyTest|Any CPU
		{D05D93DF-312D-4D4E-B980-726871EC7833}.EasyTest|iPhoneSimulator.Build.0 = EasyTest|Any CPU
		{D05D93DF-312D-4D4E-B980-726871EC7833}.Release|Any CPU.ActiveCfg = Release|Any CPU
		{D05D93DF-312D-4D4E-B980-726871EC7833}.Release|Any CPU.Build.0 = Release|Any CPU
		{D05D93DF-312D-4D4E-B980-726871EC7833}.Release|iPhone.ActiveCfg = Release|Any CPU
		{D05D93DF-312D-4D4E-B980-726871EC7833}.Release|iPhone.Build.0 = Release|Any CPU
		{D05D93DF-312D-4D4E-B980-726871EC7833}.Release|iPhoneSimulator.ActiveCfg = Release|Any CPU
		{D05D93DF-312D-4D4E-B980-726871EC7833}.Release|iPhoneSimulator.Build.0 = Release|Any CPU
		{A1782268-14F8-4BE1-9C67-EDA68342707B}.Debug|Any CPU.ActiveCfg = Debug|Any CPU
		{A1782268-14F8-4BE1-9C67-EDA68342707B}.Debug|Any CPU.Build.0 = Debug|Any CPU
		{A1782268-14F8-4BE1-9C67-EDA68342707B}.Debug|Any CPU.Deploy.0 = Debug|Any CPU
		{A1782268-14F8-4BE1-9C67-EDA68342707B}.Debug|iPhone.ActiveCfg = Debug|Any CPU
		{A1782268-14F8-4BE1-9C67-EDA68342707B}.Debug|iPhone.Build.0 = Debug|Any CPU
		{A1782268-14F8-4BE1-9C67-EDA68342707B}.Debug|iPhone.Deploy.0 = Debug|Any CPU
		{A1782268-14F8-4BE1-9C67-EDA68342707B}.Debug|iPhoneSimulator.ActiveCfg = Debug|Any CPU
		{A1782268-14F8-4BE1-9C67-EDA68342707B}.Debug|iPhoneSimulator.Build.0 = Debug|Any CPU
		{A1782268-14F8-4BE1-9C67-EDA68342707B}.Debug|iPhoneSimulator.Deploy.0 = Debug|Any CPU
		{A1782268-14F8-4BE1-9C67-EDA68342707B}.EasyTest|Any CPU.ActiveCfg = Release|Any CPU
		{A1782268-14F8-4BE1-9C67-EDA68342707B}.EasyTest|Any CPU.Build.0 = Release|Any CPU
		{A1782268-14F8-4BE1-9C67-EDA68342707B}.EasyTest|Any CPU.Deploy.0 = Release|Any CPU
		{A1782268-14F8-4BE1-9C67-EDA68342707B}.EasyTest|iPhone.ActiveCfg = Release|Any CPU
		{A1782268-14F8-4BE1-9C67-EDA68342707B}.EasyTest|iPhone.Build.0 = Release|Any CPU
		{A1782268-14F8-4BE1-9C67-EDA68342707B}.EasyTest|iPhone.Deploy.0 = Release|Any CPU
		{A1782268-14F8-4BE1-9C67-EDA68342707B}.EasyTest|iPhoneSimulator.ActiveCfg = Release|Any CPU
		{A1782268-14F8-4BE1-9C67-EDA68342707B}.EasyTest|iPhoneSimulator.Build.0 = Release|Any CPU
		{A1782268-14F8-4BE1-9C67-EDA68342707B}.EasyTest|iPhoneSimulator.Deploy.0 = Release|Any CPU
		{A1782268-14F8-4BE1-9C67-EDA68342707B}.Release|Any CPU.ActiveCfg = Release|Any CPU
		{A1782268-14F8-4BE1-9C67-EDA68342707B}.Release|Any CPU.Build.0 = Release|Any CPU
		{A1782268-14F8-4BE1-9C67-EDA68342707B}.Release|Any CPU.Deploy.0 = Release|Any CPU
		{A1782268-14F8-4BE1-9C67-EDA68342707B}.Release|iPhone.ActiveCfg = Release|Any CPU
		{A1782268-14F8-4BE1-9C67-EDA68342707B}.Release|iPhone.Build.0 = Release|Any CPU
		{A1782268-14F8-4BE1-9C67-EDA68342707B}.Release|iPhone.Deploy.0 = Release|Any CPU
		{A1782268-14F8-4BE1-9C67-EDA68342707B}.Release|iPhoneSimulator.ActiveCfg = Release|Any CPU
		{A1782268-14F8-4BE1-9C67-EDA68342707B}.Release|iPhoneSimulator.Build.0 = Release|Any CPU
		{A1782268-14F8-4BE1-9C67-EDA68342707B}.Release|iPhoneSimulator.Deploy.0 = Release|Any CPU
		{23795792-BA01-4ECA-8B4C-E15F80E360F0}.Debug|Any CPU.ActiveCfg = Debug|iPhone
		{23795792-BA01-4ECA-8B4C-E15F80E360F0}.Debug|iPhone.ActiveCfg = Debug|iPhone
		{23795792-BA01-4ECA-8B4C-E15F80E360F0}.Debug|iPhone.Build.0 = Debug|iPhone
		{23795792-BA01-4ECA-8B4C-E15F80E360F0}.Debug|iPhoneSimulator.ActiveCfg = Debug|iPhoneSimulator
		{23795792-BA01-4ECA-8B4C-E15F80E360F0}.Debug|iPhoneSimulator.Build.0 = Debug|iPhoneSimulator
		{23795792-BA01-4ECA-8B4C-E15F80E360F0}.EasyTest|Any CPU.ActiveCfg = Release|iPhone
		{23795792-BA01-4ECA-8B4C-E15F80E360F0}.EasyTest|Any CPU.Build.0 = Release|iPhone
		{23795792-BA01-4ECA-8B4C-E15F80E360F0}.EasyTest|iPhone.ActiveCfg = Release|iPhone
		{23795792-BA01-4ECA-8B4C-E15F80E360F0}.EasyTest|iPhone.Build.0 = Release|iPhone
		{23795792-BA01-4ECA-8B4C-E15F80E360F0}.EasyTest|iPhoneSimulator.ActiveCfg = Release|iPhoneSimulator
		{23795792-BA01-4ECA-8B4C-E15F80E360F0}.EasyTest|iPhoneSimulator.Build.0 = Release|iPhoneSimulator
		{23795792-BA01-4ECA-8B4C-E15F80E360F0}.Release|Any CPU.ActiveCfg = Release|iPhone
		{23795792-BA01-4ECA-8B4C-E15F80E360F0}.Release|iPhone.ActiveCfg = Release|iPhone
		{23795792-BA01-4ECA-8B4C-E15F80E360F0}.Release|iPhone.Build.0 = Release|iPhone
		{23795792-BA01-4ECA-8B4C-E15F80E360F0}.Release|iPhoneSimulator.ActiveCfg = Release|iPhoneSimulator
		{23795792-BA01-4ECA-8B4C-E15F80E360F0}.Release|iPhoneSimulator.Build.0 = Release|iPhoneSimulator
		{D86FAAEF-28E1-4DDA-85FC-CEB29B98156F}.Debug|Any CPU.ActiveCfg = Debug|Any CPU
		{D86FAAEF-28E1-4DDA-85FC-CEB29B98156F}.Debug|Any CPU.Build.0 = Debug|Any CPU
		{D86FAAEF-28E1-4DDA-85FC-CEB29B98156F}.Debug|iPhone.ActiveCfg = Debug|Any CPU
		{D86FAAEF-28E1-4DDA-85FC-CEB29B98156F}.Debug|iPhone.Build.0 = Debug|Any CPU
		{D86FAAEF-28E1-4DDA-85FC-CEB29B98156F}.Debug|iPhoneSimulator.ActiveCfg = Debug|Any CPU
		{D86FAAEF-28E1-4DDA-85FC-CEB29B98156F}.Debug|iPhoneSimulator.Build.0 = Debug|Any CPU
		{D86FAAEF-28E1-4DDA-85FC-CEB29B98156F}.EasyTest|Any CPU.ActiveCfg = Debug|Any CPU
		{D86FAAEF-28E1-4DDA-85FC-CEB29B98156F}.EasyTest|Any CPU.Build.0 = Debug|Any CPU
		{D86FAAEF-28E1-4DDA-85FC-CEB29B98156F}.EasyTest|iPhone.ActiveCfg = Debug|Any CPU
		{D86FAAEF-28E1-4DDA-85FC-CEB29B98156F}.EasyTest|iPhone.Build.0 = Debug|Any CPU
		{D86FAAEF-28E1-4DDA-85FC-CEB29B98156F}.EasyTest|iPhoneSimulator.ActiveCfg = Debug|Any CPU
		{D86FAAEF-28E1-4DDA-85FC-CEB29B98156F}.EasyTest|iPhoneSimulator.Build.0 = Debug|Any CPU
		{D86FAAEF-28E1-4DDA-85FC-CEB29B98156F}.Release|Any CPU.ActiveCfg = Release|Any CPU
		{D86FAAEF-28E1-4DDA-85FC-CEB29B98156F}.Release|Any CPU.Build.0 = Release|Any CPU
		{D86FAAEF-28E1-4DDA-85FC-CEB29B98156F}.Release|iPhone.ActiveCfg = Release|Any CPU
		{D86FAAEF-28E1-4DDA-85FC-CEB29B98156F}.Release|iPhone.Build.0 = Release|Any CPU
		{D86FAAEF-28E1-4DDA-85FC-CEB29B98156F}.Release|iPhoneSimulator.ActiveCfg = Release|Any CPU
		{D86FAAEF-28E1-4DDA-85FC-CEB29B98156F}.Release|iPhoneSimulator.Build.0 = Release|Any CPU
		{5691D131-9800-4A01-95DF-1EBC09A563F3}.Debug|Any CPU.ActiveCfg = Debug|Any CPU
		{5691D131-9800-4A01-95DF-1EBC09A563F3}.Debug|Any CPU.Build.0 = Debug|Any CPU
		{5691D131-9800-4A01-95DF-1EBC09A563F3}.Debug|iPhone.ActiveCfg = Debug|Any CPU
		{5691D131-9800-4A01-95DF-1EBC09A563F3}.Debug|iPhone.Build.0 = Debug|Any CPU
		{5691D131-9800-4A01-95DF-1EBC09A563F3}.Debug|iPhoneSimulator.ActiveCfg = Debug|Any CPU
		{5691D131-9800-4A01-95DF-1EBC09A563F3}.Debug|iPhoneSimulator.Build.0 = Debug|Any CPU
		{5691D131-9800-4A01-95DF-1EBC09A563F3}.EasyTest|Any CPU.ActiveCfg = Debug|Any CPU
		{5691D131-9800-4A01-95DF-1EBC09A563F3}.EasyTest|Any CPU.Build.0 = Debug|Any CPU
		{5691D131-9800-4A01-95DF-1EBC09A563F3}.EasyTest|iPhone.ActiveCfg = Debug|Any CPU
		{5691D131-9800-4A01-95DF-1EBC09A563F3}.EasyTest|iPhone.Build.0 = Debug|Any CPU
		{5691D131-9800-4A01-95DF-1EBC09A563F3}.EasyTest|iPhoneSimulator.ActiveCfg = Debug|Any CPU
		{5691D131-9800-4A01-95DF-1EBC09A563F3}.EasyTest|iPhoneSimulator.Build.0 = Debug|Any CPU
		{5691D131-9800-4A01-95DF-1EBC09A563F3}.Release|Any CPU.ActiveCfg = Release|Any CPU
		{5691D131-9800-4A01-95DF-1EBC09A563F3}.Release|Any CPU.Build.0 = Release|Any CPU
		{5691D131-9800-4A01-95DF-1EBC09A563F3}.Release|iPhone.ActiveCfg = Release|Any CPU
		{5691D131-9800-4A01-95DF-1EBC09A563F3}.Release|iPhone.Build.0 = Release|Any CPU
		{5691D131-9800-4A01-95DF-1EBC09A563F3}.Release|iPhoneSimulator.ActiveCfg = Release|Any CPU
		{5691D131-9800-4A01-95DF-1EBC09A563F3}.Release|iPhoneSimulator.Build.0 = Release|Any CPU
		{9BC640C8-9D56-4E8F-B098-278879C522AF}.Debug|Any CPU.ActiveCfg = Debug|Any CPU
		{9BC640C8-9D56-4E8F-B098-278879C522AF}.Debug|Any CPU.Build.0 = Debug|Any CPU
		{9BC640C8-9D56-4E8F-B098-278879C522AF}.Debug|iPhone.ActiveCfg = Debug|Any CPU
		{9BC640C8-9D56-4E8F-B098-278879C522AF}.Debug|iPhone.Build.0 = Debug|Any CPU
		{9BC640C8-9D56-4E8F-B098-278879C522AF}.Debug|iPhoneSimulator.ActiveCfg = Debug|Any CPU
		{9BC640C8-9D56-4E8F-B098-278879C522AF}.Debug|iPhoneSimulator.Build.0 = Debug|Any CPU
		{9BC640C8-9D56-4E8F-B098-278879C522AF}.EasyTest|Any CPU.ActiveCfg = Debug|Any CPU
		{9BC640C8-9D56-4E8F-B098-278879C522AF}.EasyTest|Any CPU.Build.0 = Debug|Any CPU
		{9BC640C8-9D56-4E8F-B098-278879C522AF}.EasyTest|iPhone.ActiveCfg = Debug|Any CPU
		{9BC640C8-9D56-4E8F-B098-278879C522AF}.EasyTest|iPhone.Build.0 = Debug|Any CPU
		{9BC640C8-9D56-4E8F-B098-278879C522AF}.EasyTest|iPhoneSimulator.ActiveCfg = Debug|Any CPU
		{9BC640C8-9D56-4E8F-B098-278879C522AF}.EasyTest|iPhoneSimulator.Build.0 = Debug|Any CPU
		{9BC640C8-9D56-4E8F-B098-278879C522AF}.Release|Any CPU.ActiveCfg = Release|Any CPU
		{9BC640C8-9D56-4E8F-B098-278879C522AF}.Release|Any CPU.Build.0 = Release|Any CPU
		{9BC640C8-9D56-4E8F-B098-278879C522AF}.Release|iPhone.ActiveCfg = Release|Any CPU
		{9BC640C8-9D56-4E8F-B098-278879C522AF}.Release|iPhone.Build.0 = Release|Any CPU
		{9BC640C8-9D56-4E8F-B098-278879C522AF}.Release|iPhoneSimulator.ActiveCfg = Release|Any CPU
		{9BC640C8-9D56-4E8F-B098-278879C522AF}.Release|iPhoneSimulator.Build.0 = Release|Any CPU
	EndGlobalSection
	GlobalSection(SolutionProperties) = preSolution
		HideSolutionNode = FALSE
	EndGlobalSection
	GlobalSection(NestedProjects) = preSolution
		{5F15837D-D1E5-44DC-92F0-4F2EBE9C3F8D} = {C47DA029-48D1-41F7-BA1B-176FF3D4A966}
		{0C729AAD-7626-4668-A7F1-35F7D240489D} = {C47DA029-48D1-41F7-BA1B-176FF3D4A966}
		{82A6DBC9-B1B4-44E4-9718-55DF930CD349} = {C47DA029-48D1-41F7-BA1B-176FF3D4A966}
		{7964F87D-BC5D-4C4E-8B2F-71E89739AA97} = {C47DA029-48D1-41F7-BA1B-176FF3D4A966}
		{D05D93DF-312D-4D4E-B980-726871EC7833} = {C47DA029-48D1-41F7-BA1B-176FF3D4A966}
		{A1782268-14F8-4BE1-9C67-EDA68342707B} = {D04E2DB6-D189-4F0F-92ED-B65013920396}
		{23795792-BA01-4ECA-8B4C-E15F80E360F0} = {D04E2DB6-D189-4F0F-92ED-B65013920396}
		{D86FAAEF-28E1-4DDA-85FC-CEB29B98156F} = {D04E2DB6-D189-4F0F-92ED-B65013920396}
	EndGlobalSection
	GlobalSection(ExtensibilityGlobals) = postSolution
		SolutionGuid = {40A01A56-DCB5-44A1-8750-5705A6860F9A}
	EndGlobalSection
EndGlobal
